{
  "pins" : [
    {
      "identity" : "leakedviewcontrollerdetector",
      "kind" : "remoteSourceControl",
      "location" : "https://github.com/Janneman84/LeakedViewControllerDetector",
      "state" : {
        "revision" : "4fb9faba1488839b14bb238ed819fc3202c83e9c",
        "version" : "1.3.0"
      }
    },
    {
      "identity" : "snackbar.swift",
      "kind" : "remoteSourceControl",
      "location" : "https://github.com/ahmedAlmasri/SnackBar.swift",
      "state" : {
        "revision" : "9efa0f9d2a6ae35384a878a0d74dbafd5001a672",
        "version" : "0.1.2"
      }
    },
    {
      "identity" : "snapkit",
      "kind" : "remoteSourceControl",
      "location" : "https://github.com/SnapKit/SnapKit.git",
      "state" : {
        "revision" : "2842e6e84e82eb9a8dac0100ca90d9444b0307f4",
        "version" : "5.7.1"
      }
    },
    {
      "identity" : "swinject",
      "kind" : "remoteSourceControl",
      "location" : "https://github.com/Swinject/Swinject.git",
      "state" : {
        "revision" : "8bc503e60965298984fb58cf47b71c541449fe2a",
        "version" : "2.8.3"
      }
    }
  ],
  "version" : 2
}
