// !$*UTF8*$!
{
	archiveVersion = 1;
	classes = {
	};
	objectVersion = 56;
	objects = {

/* Begin PBXBuildFile section */
		2612432E2A03331300057A52 /* NavigationCoordinatorTests.swift in Sources */ = {isa = PBXBuildFile; fileRef = 2612432D2A03331300057A52 /* NavigationCoordinatorTests.swift */; };
		261B56DF2A6C67EB007F69CF /* TabBarCoordinator.swift in Sources */ = {isa = PBXBuildFile; fileRef = 261B56DE2A6C67EB007F69CF /* TabBarCoordinator.swift */; };
		261B56E12A6C77F7007F69CF /* LoginCoordinator.swift in Sources */ = {isa = PBXBuildFile; fileRef = 261B56E02A6C77F7007F69CF /* LoginCoordinator.swift */; };
		261B61C82A6CF1D8007F69CF /* TextFieldStyles.swift in Sources */ = {isa = PBXBuildFile; fileRef = 261B61C72A6CF1D8007F69CF /* TextFieldStyles.swift */; };
		261EA57B2A3589CC00367CC4 /* AddCreditCardCoordinator.swift in Sources */ = {isa = PBXBuildFile; fileRef = 261EA57A2A3589CC00367CC4 /* AddCreditCardCoordinator.swift */; };
		261EA5802A3594D200367CC4 /* TabBarCoordinatorProtocol.swift in Sources */ = {isa = PBXBuildFile; fileRef = 261EA57F2A3594D200367CC4 /* TabBarCoordinatorProtocol.swift */; };
		261EA5822A364B0100367CC4 /* AddCreditCardViewModel.swift in Sources */ = {isa = PBXBuildFile; fileRef = 261EA5812A364B0100367CC4 /* AddCreditCardViewModel.swift */; };
		261EA5842A364B4200367CC4 /* AddCreditCardViewController.swift in Sources */ = {isa = PBXBuildFile; fileRef = 261EA5832A364B4200367CC4 /* AddCreditCardViewController.swift */; };
		261EA5862A364C5C00367CC4 /* UITabBarItem+Extensions.swift in Sources */ = {isa = PBXBuildFile; fileRef = 261EA5852A364C5C00367CC4 /* UITabBarItem+Extensions.swift */; };
		2631E24F2A04BEF200197FEA /* CREDC___.otf in Resources */ = {isa = PBXBuildFile; fileRef = 2631E24E2A04BEF200197FEA /* CREDC___.otf */; };
		26360D412A3DF7E9002E7E9E /* VisionKitCoordinator.swift in Sources */ = {isa = PBXBuildFile; fileRef = 26360D402A3DF7E9002E7E9E /* VisionKitCoordinator.swift */; };
		263617D32A3FA4FB002E7E9E /* ImageParser.swift in Sources */ = {isa = PBXBuildFile; fileRef = 263617D22A3FA4FB002E7E9E /* ImageParser.swift */; };
		26366FC22A18A38100C9B8DA /* SecureStore.swift in Sources */ = {isa = PBXBuildFile; fileRef = 26366FC12A18A38100C9B8DA /* SecureStore.swift */; };
		26366FC42A19302A00C9B8DA /* SecureStoreTests.swift in Sources */ = {isa = PBXBuildFile; fileRef = 26366FC32A19302A00C9B8DA /* SecureStoreTests.swift */; };
		2655DFBD2A059158003EFDA2 /* CreditCardValidator in Frameworks */ = {isa = PBXBuildFile; productRef = 2655DFBC2A059158003EFDA2 /* CreditCardValidator */; };
		265FC85A2A0C538D00939A12 /* SecureStoreCreditCard.swift in Sources */ = {isa = PBXBuildFile; fileRef = 265FC8592A0C538D00939A12 /* SecureStoreCreditCard.swift */; };
		265FD5762A0DF7A100939A12 /* SubviewBuilderTests.swift in Sources */ = {isa = PBXBuildFile; fileRef = 265FD5752A0DF7A100939A12 /* SubviewBuilderTests.swift */; };
		26888FD92A0756FE00936748 /* UIImage+Extensions.swift in Sources */ = {isa = PBXBuildFile; fileRef = 26888FD82A0756FE00936748 /* UIImage+Extensions.swift */; };
		26888FDE2A0770A400936748 /* MockListService.swift in Sources */ = {isa = PBXBuildFile; fileRef = 26888FDD2A0770A400936748 /* MockListService.swift */; };
		26888FE22A0771C400936748 /* MockListViewModel.swift in Sources */ = {isa = PBXBuildFile; fileRef = 26888FE12A0771C400936748 /* MockListViewModel.swift */; };
		26921A372A63228B00DA1313 /* UIColor+Extensions.swift in Sources */ = {isa = PBXBuildFile; fileRef = 26921A362A63228B00DA1313 /* UIColor+Extensions.swift */; };
		26921A392A64566D00DA1313 /* CFTextField.swift in Sources */ = {isa = PBXBuildFile; fileRef = 26921A382A64566D00DA1313 /* CFTextField.swift */; };
		26921A3B2A6460A700DA1313 /* UITextField+Extensions.swift in Sources */ = {isa = PBXBuildFile; fileRef = 26921A3A2A6460A700DA1313 /* UITextField+Extensions.swift */; };
		26921A3E2A64E22100DA1313 /* AddCreditCardCoordinatorTests.swift in Sources */ = {isa = PBXBuildFile; fileRef = 26921A3C2A64E22100DA1313 /* AddCreditCardCoordinatorTests.swift */; };
		26921A3F2A64E22100DA1313 /* AddCreditCardViewControllerTests.swift in Sources */ = {isa = PBXBuildFile; fileRef = 26921A3D2A64E22100DA1313 /* AddCreditCardViewControllerTests.swift */; };
		26921A422A64E7BC00DA1313 /* CFTextFieldTests.swift in Sources */ = {isa = PBXBuildFile; fileRef = 26921A412A64E7BC00DA1313 /* CFTextFieldTests.swift */; };
		26921A442A64EBFD00DA1313 /* VisionKitCoordinatorTests.swift in Sources */ = {isa = PBXBuildFile; fileRef = 26921A432A64EBFD00DA1313 /* VisionKitCoordinatorTests.swift */; };
		26921A462A64F57B00DA1313 /* SecureStoreErrorTests.swift in Sources */ = {isa = PBXBuildFile; fileRef = 26921A452A64F57B00DA1313 /* SecureStoreErrorTests.swift */; };
		26921A482A65822900DA1313 /* CardFortressRootCoordinatorTests.swift in Sources */ = {isa = PBXBuildFile; fileRef = 26921A472A65822900DA1313 /* CardFortressRootCoordinatorTests.swift */; };
		26921A4A2A65930900DA1313 /* VisionKitViewControllerProtocol.swift in Sources */ = {isa = PBXBuildFile; fileRef = 26921A492A65930900DA1313 /* VisionKitViewControllerProtocol.swift */; };
		26921EA52A660C9800DA1313 /* ImageParserTests.swift in Sources */ = {isa = PBXBuildFile; fileRef = 26921EA42A660C9800DA1313 /* ImageParserTests.swift */; };
		26921EA72A66160A00DA1313 /* GenericError.swift in Sources */ = {isa = PBXBuildFile; fileRef = 26921EA62A66160A00DA1313 /* GenericError.swift */; };
		26921EA92A66184700DA1313 /* AddCreditCardViewModelTests.swift in Sources */ = {isa = PBXBuildFile; fileRef = 26921EA82A66184700DA1313 /* AddCreditCardViewModelTests.swift */; };
		26921EAC2A6641BE00DA1313 /* SnackBar in Frameworks */ = {isa = PBXBuildFile; productRef = 26921EAB2A6641BE00DA1313 /* SnackBar */; };
		26921EAE2A66434300DA1313 /* UIViewController+Extensions.swift in Sources */ = {isa = PBXBuildFile; fileRef = 26921EAD2A66434300DA1313 /* UIViewController+Extensions.swift */; };
		269956432A4B4D9800FCACE9 /* PreviewCreditCardView.swift in Sources */ = {isa = PBXBuildFile; fileRef = 269956422A4B4D9800FCACE9 /* PreviewCreditCardView.swift */; };
		26995FE82A4B8A6000FCACE9 /* AddCreditCardMockFactory.swift in Sources */ = {isa = PBXBuildFile; fileRef = 26995FE72A4B8A6000FCACE9 /* AddCreditCardMockFactory.swift */; };
		26A39C2A2A2C3ECE001C3FAF /* SecureStoreCreditCard+Extensions.swift in Sources */ = {isa = PBXBuildFile; fileRef = 26A39C292A2C3ECE001C3FAF /* SecureStoreCreditCard+Extensions.swift */; };
		26A39C2E2A2D2290001C3FAF /* CoordinatorFactory.swift in Sources */ = {isa = PBXBuildFile; fileRef = 26A39C2D2A2D2290001C3FAF /* CoordinatorFactory.swift */; };
		26B381B529EC575900D0CCD8 /* Coordinator.swift in Sources */ = {isa = PBXBuildFile; fileRef = 26B381B429EC575900D0CCD8 /* Coordinator.swift */; };
		26B381B729EC581D00D0CCD8 /* CardFortressAppCoordinator.swift in Sources */ = {isa = PBXBuildFile; fileRef = 26B381B629EC581D00D0CCD8 /* CardFortressAppCoordinator.swift */; };
		26B38C1029ECC03200D0CCD8 /* ListViewModel.swift in Sources */ = {isa = PBXBuildFile; fileRef = 26B38C0F29ECC03200D0CCD8 /* ListViewModel.swift */; };
		26B38C1229ECC22100D0CCD8 /* CardListCoordinator.swift in Sources */ = {isa = PBXBuildFile; fileRef = 26B38C1129ECC22100D0CCD8 /* CardListCoordinator.swift */; };
		26B38C1C29ECF70C00D0CCD8 /* LocalizableString.swift in Sources */ = {isa = PBXBuildFile; fileRef = 26B38C1B29ECF70C00D0CCD8 /* LocalizableString.swift */; };
		26B38C2629ECF9EC00D0CCD8 /* Localizable.strings in Resources */ = {isa = PBXBuildFile; fileRef = 26B38C2429ECF9EC00D0CCD8 /* Localizable.strings */; };
		26B7701529EC450200CC9FEB /* AppDelegate.swift in Sources */ = {isa = PBXBuildFile; fileRef = 26B7701429EC450200CC9FEB /* AppDelegate.swift */; };
		26B7701729EC450200CC9FEB /* SceneDelegate.swift in Sources */ = {isa = PBXBuildFile; fileRef = 26B7701629EC450200CC9FEB /* SceneDelegate.swift */; };
		26B7701929EC450200CC9FEB /* CardListViewController.swift in Sources */ = {isa = PBXBuildFile; fileRef = 26B7701829EC450200CC9FEB /* CardListViewController.swift */; };
		26B7701E29EC450400CC9FEB /* Assets.xcassets in Resources */ = {isa = PBXBuildFile; fileRef = 26B7701D29EC450400CC9FEB /* Assets.xcassets */; };
		26B7702129EC450400CC9FEB /* LaunchScreen.storyboard in Resources */ = {isa = PBXBuildFile; fileRef = 26B7701F29EC450400CC9FEB /* LaunchScreen.storyboard */; };
		26B7703629EC450400CC9FEB /* CardFortressUITests.swift in Sources */ = {isa = PBXBuildFile; fileRef = 26B7703529EC450400CC9FEB /* CardFortressUITests.swift */; };
		26B7703829EC450400CC9FEB /* CardFortressUITestsLaunchTests.swift in Sources */ = {isa = PBXBuildFile; fileRef = 26B7703729EC450400CC9FEB /* CardFortressUITestsLaunchTests.swift */; };
		26C4628729F379CF000B06A7 /* CoordinatorTests.swift in Sources */ = {isa = PBXBuildFile; fileRef = 26C4628629F379CF000B06A7 /* CoordinatorTests.swift */; };
		26C462BA29F63E3F000B06A7 /* CardCollectionViewCellTest.swift in Sources */ = {isa = PBXBuildFile; fileRef = 26C462B929F63E3F000B06A7 /* CardCollectionViewCellTest.swift */; };
		26C84E862A1DB97000F65D32 /* SecureStoreMock.swift in Sources */ = {isa = PBXBuildFile; fileRef = 26C84E852A1DB97000F65D32 /* SecureStoreMock.swift */; };
		26C84E882A1DC97400F65D32 /* SecureStore+Helpers.swift in Sources */ = {isa = PBXBuildFile; fileRef = 26C84E872A1DC97400F65D32 /* SecureStore+Helpers.swift */; };
		26CE97C62A11F70F00AF62DE /* MainViewControllerFactory.swift in Sources */ = {isa = PBXBuildFile; fileRef = 26CE97C52A11F70F00AF62DE /* MainViewControllerFactory.swift */; };
		26CEBA652A15D71D00AF62DE /* RootVCFactory.swift in Sources */ = {isa = PBXBuildFile; fileRef = 26CEBA642A15D71D00AF62DE /* RootVCFactory.swift */; };
		26CEBA672A15DE1100AF62DE /* UIAlertControllerBuilderTests.swift in Sources */ = {isa = PBXBuildFile; fileRef = 26CEBA662A15DE1100AF62DE /* UIAlertControllerBuilderTests.swift */; };
		26D09A602A68FA7400B9D885 /* GoogleService-Info.plist in Resources */ = {isa = PBXBuildFile; fileRef = 26D09A5F2A68FA7400B9D885 /* GoogleService-Info.plist */; };
		26D09A632A68FB3C00B9D885 /* FirebaseAnalytics in Frameworks */ = {isa = PBXBuildFile; productRef = 26D09A622A68FB3C00B9D885 /* FirebaseAnalytics */; };
		26D09A652A68FB3C00B9D885 /* FirebaseAuth in Frameworks */ = {isa = PBXBuildFile; productRef = 26D09A642A68FB3C00B9D885 /* FirebaseAuth */; };
		26D09A6B2A69029900B9D885 /* AuthenticationAPI.swift in Sources */ = {isa = PBXBuildFile; fileRef = 26D09A6A2A69029900B9D885 /* AuthenticationAPI.swift */; };
		26D09A952A69912700B9D885 /* LoginView.swift in Sources */ = {isa = PBXBuildFile; fileRef = 26D09A942A69912700B9D885 /* LoginView.swift */; };
		26D09A972A69915A00B9D885 /* LoginViewModel.swift in Sources */ = {isa = PBXBuildFile; fileRef = 26D09A962A69915A00B9D885 /* LoginViewModel.swift */; };
		26DF384629F0CC19007091C3 /* Swinject in Frameworks */ = {isa = PBXBuildFile; productRef = 26DF384529F0CC19007091C3 /* Swinject */; };
		26DF384829F0D4BA007091C3 /* SceneDelegate+Setup.swift in Sources */ = {isa = PBXBuildFile; fileRef = 26DF384729F0D4BA007091C3 /* SceneDelegate+Setup.swift */; };
		26DF384B29F0EAB3007091C3 /* CardCollectionViewCell.swift in Sources */ = {isa = PBXBuildFile; fileRef = 26DF384A29F0EAB3007091C3 /* CardCollectionViewCell.swift */; };
		26F0945329F74045009B0494 /* CardListViewControllerTests.swift in Sources */ = {isa = PBXBuildFile; fileRef = 26F0945229F74045009B0494 /* CardListViewControllerTests.swift */; };
		26F0945529F7978E009B0494 /* NavigationCoordinator.swift in Sources */ = {isa = PBXBuildFile; fileRef = 26F0945429F7978E009B0494 /* NavigationCoordinator.swift */; };
		26F5B4BD29FDA8B7002D224D /* CardListService.swift in Sources */ = {isa = PBXBuildFile; fileRef = 26F5B4BC29FDA8B7002D224D /* CardListService.swift */; };
		26F5B4BF29FDB3D8002D224D /* ListViewModelTests.swift in Sources */ = {isa = PBXBuildFile; fileRef = 26F5B4BE29FDB3D8002D224D /* ListViewModelTests.swift */; };
		26F5B4C129FDBE62002D224D /* CardListServiceTests.swift in Sources */ = {isa = PBXBuildFile; fileRef = 26F5B4C029FDBE62002D224D /* CardListServiceTests.swift */; };
		26F5B4D129FEBD33002D224D /* CreditCard.swift in Sources */ = {isa = PBXBuildFile; fileRef = 26F5B4D029FEBD33002D224D /* CreditCard.swift */; };
		26F5B4DB2A000C1D002D224D /* UIAlertController+Builder.swift in Sources */ = {isa = PBXBuildFile; fileRef = 26F5B4DA2A000C1D002D224D /* UIAlertController+Builder.swift */; };
		26F5B4E12A002286002D224D /* UIView+Extensions.swift in Sources */ = {isa = PBXBuildFile; fileRef = 26F5B4E02A002286002D224D /* UIView+Extensions.swift */; };
		26F5B4E32A00387E002D224D /* SecureStoreError.swift in Sources */ = {isa = PBXBuildFile; fileRef = 26F5B4E22A00387E002D224D /* SecureStoreError.swift */; };
		26F5B4E52A0039DD002D224D /* SecureStoreQueryable.swift in Sources */ = {isa = PBXBuildFile; fileRef = 26F5B4E42A0039DD002D224D /* SecureStoreQueryable.swift */; };
/* End PBXBuildFile section */

/* Begin PBXContainerItemProxy section */
		26B7702829EC450400CC9FEB /* PBXContainerItemProxy */ = {
			isa = PBXContainerItemProxy;
			containerPortal = 26B7700929EC450200CC9FEB /* Project object */;
			proxyType = 1;
			remoteGlobalIDString = 26B7701029EC450200CC9FEB;
			remoteInfo = CardFortress;
		};
		26B7703229EC450400CC9FEB /* PBXContainerItemProxy */ = {
			isa = PBXContainerItemProxy;
			containerPortal = 26B7700929EC450200CC9FEB /* Project object */;
			proxyType = 1;
			remoteGlobalIDString = 26B7701029EC450200CC9FEB;
			remoteInfo = CardFortress;
		};
/* End PBXContainerItemProxy section */

/* Begin PBXFileReference section */
		2612432D2A03331300057A52 /* NavigationCoordinatorTests.swift */ = {isa = PBXFileReference; lastKnownFileType = sourcecode.swift; path = NavigationCoordinatorTests.swift; sourceTree = "<group>"; };
		261B56DE2A6C67EB007F69CF /* TabBarCoordinator.swift */ = {isa = PBXFileReference; lastKnownFileType = sourcecode.swift; path = TabBarCoordinator.swift; sourceTree = "<group>"; };
		261B56E02A6C77F7007F69CF /* LoginCoordinator.swift */ = {isa = PBXFileReference; lastKnownFileType = sourcecode.swift; path = LoginCoordinator.swift; sourceTree = "<group>"; };
		261B61C72A6CF1D8007F69CF /* TextFieldStyles.swift */ = {isa = PBXFileReference; lastKnownFileType = sourcecode.swift; path = TextFieldStyles.swift; sourceTree = "<group>"; };
		261EA57A2A3589CC00367CC4 /* AddCreditCardCoordinator.swift */ = {isa = PBXFileReference; lastKnownFileType = sourcecode.swift; path = AddCreditCardCoordinator.swift; sourceTree = "<group>"; };
		261EA57F2A3594D200367CC4 /* TabBarCoordinatorProtocol.swift */ = {isa = PBXFileReference; lastKnownFileType = sourcecode.swift; path = TabBarCoordinatorProtocol.swift; sourceTree = "<group>"; };
		261EA5812A364B0100367CC4 /* AddCreditCardViewModel.swift */ = {isa = PBXFileReference; lastKnownFileType = sourcecode.swift; path = AddCreditCardViewModel.swift; sourceTree = "<group>"; };
		261EA5832A364B4200367CC4 /* AddCreditCardViewController.swift */ = {isa = PBXFileReference; lastKnownFileType = sourcecode.swift; path = AddCreditCardViewController.swift; sourceTree = "<group>"; };
		261EA5852A364C5C00367CC4 /* UITabBarItem+Extensions.swift */ = {isa = PBXFileReference; lastKnownFileType = sourcecode.swift; path = "UITabBarItem+Extensions.swift"; sourceTree = "<group>"; };
		2631E24E2A04BEF200197FEA /* CREDC___.otf */ = {isa = PBXFileReference; lastKnownFileType = file; path = "CREDC___.otf"; sourceTree = "<group>"; };
		26360D402A3DF7E9002E7E9E /* VisionKitCoordinator.swift */ = {isa = PBXFileReference; lastKnownFileType = sourcecode.swift; path = VisionKitCoordinator.swift; sourceTree = "<group>"; };
		263617D22A3FA4FB002E7E9E /* ImageParser.swift */ = {isa = PBXFileReference; lastKnownFileType = sourcecode.swift; path = ImageParser.swift; sourceTree = "<group>"; };
		26366FC12A18A38100C9B8DA /* SecureStore.swift */ = {isa = PBXFileReference; lastKnownFileType = sourcecode.swift; path = SecureStore.swift; sourceTree = "<group>"; };
		26366FC32A19302A00C9B8DA /* SecureStoreTests.swift */ = {isa = PBXFileReference; lastKnownFileType = sourcecode.swift; path = SecureStoreTests.swift; sourceTree = "<group>"; };
		265FC8592A0C538D00939A12 /* SecureStoreCreditCard.swift */ = {isa = PBXFileReference; lastKnownFileType = sourcecode.swift; path = SecureStoreCreditCard.swift; sourceTree = "<group>"; };
		265FD5752A0DF7A100939A12 /* SubviewBuilderTests.swift */ = {isa = PBXFileReference; lastKnownFileType = sourcecode.swift; path = SubviewBuilderTests.swift; sourceTree = "<group>"; };
		26888FD82A0756FE00936748 /* UIImage+Extensions.swift */ = {isa = PBXFileReference; lastKnownFileType = sourcecode.swift; path = "UIImage+Extensions.swift"; sourceTree = "<group>"; };
		26888FDD2A0770A400936748 /* MockListService.swift */ = {isa = PBXFileReference; lastKnownFileType = sourcecode.swift; path = MockListService.swift; sourceTree = "<group>"; };
		26888FE12A0771C400936748 /* MockListViewModel.swift */ = {isa = PBXFileReference; lastKnownFileType = sourcecode.swift; path = MockListViewModel.swift; sourceTree = "<group>"; };
		26921A362A63228B00DA1313 /* UIColor+Extensions.swift */ = {isa = PBXFileReference; lastKnownFileType = sourcecode.swift; path = "UIColor+Extensions.swift"; sourceTree = "<group>"; };
		26921A382A64566D00DA1313 /* CFTextField.swift */ = {isa = PBXFileReference; lastKnownFileType = sourcecode.swift; path = CFTextField.swift; sourceTree = "<group>"; };
		26921A3A2A6460A700DA1313 /* UITextField+Extensions.swift */ = {isa = PBXFileReference; lastKnownFileType = sourcecode.swift; path = "UITextField+Extensions.swift"; sourceTree = "<group>"; };
		26921A3C2A64E22100DA1313 /* AddCreditCardCoordinatorTests.swift */ = {isa = PBXFileReference; fileEncoding = 4; lastKnownFileType = sourcecode.swift; path = AddCreditCardCoordinatorTests.swift; sourceTree = "<group>"; };
		26921A3D2A64E22100DA1313 /* AddCreditCardViewControllerTests.swift */ = {isa = PBXFileReference; fileEncoding = 4; lastKnownFileType = sourcecode.swift; path = AddCreditCardViewControllerTests.swift; sourceTree = "<group>"; };
		26921A412A64E7BC00DA1313 /* CFTextFieldTests.swift */ = {isa = PBXFileReference; lastKnownFileType = sourcecode.swift; path = CFTextFieldTests.swift; sourceTree = "<group>"; };
		26921A432A64EBFD00DA1313 /* VisionKitCoordinatorTests.swift */ = {isa = PBXFileReference; fileEncoding = 4; lastKnownFileType = sourcecode.swift; path = VisionKitCoordinatorTests.swift; sourceTree = "<group>"; };
		26921A452A64F57B00DA1313 /* SecureStoreErrorTests.swift */ = {isa = PBXFileReference; lastKnownFileType = sourcecode.swift; path = SecureStoreErrorTests.swift; sourceTree = "<group>"; };
		26921A472A65822900DA1313 /* CardFortressRootCoordinatorTests.swift */ = {isa = PBXFileReference; fileEncoding = 4; lastKnownFileType = sourcecode.swift; path = CardFortressRootCoordinatorTests.swift; sourceTree = "<group>"; };
		26921A492A65930900DA1313 /* VisionKitViewControllerProtocol.swift */ = {isa = PBXFileReference; lastKnownFileType = sourcecode.swift; path = VisionKitViewControllerProtocol.swift; sourceTree = "<group>"; };
		26921EA42A660C9800DA1313 /* ImageParserTests.swift */ = {isa = PBXFileReference; lastKnownFileType = sourcecode.swift; path = ImageParserTests.swift; sourceTree = "<group>"; };
		26921EA62A66160A00DA1313 /* GenericError.swift */ = {isa = PBXFileReference; lastKnownFileType = sourcecode.swift; path = GenericError.swift; sourceTree = "<group>"; };
		26921EA82A66184700DA1313 /* AddCreditCardViewModelTests.swift */ = {isa = PBXFileReference; lastKnownFileType = sourcecode.swift; path = AddCreditCardViewModelTests.swift; sourceTree = "<group>"; };
		26921EAD2A66434300DA1313 /* UIViewController+Extensions.swift */ = {isa = PBXFileReference; lastKnownFileType = sourcecode.swift; path = "UIViewController+Extensions.swift"; sourceTree = "<group>"; };
		269956422A4B4D9800FCACE9 /* PreviewCreditCardView.swift */ = {isa = PBXFileReference; lastKnownFileType = sourcecode.swift; path = PreviewCreditCardView.swift; sourceTree = "<group>"; };
		26995FE72A4B8A6000FCACE9 /* AddCreditCardMockFactory.swift */ = {isa = PBXFileReference; lastKnownFileType = sourcecode.swift; path = AddCreditCardMockFactory.swift; sourceTree = "<group>"; };
		26A39C292A2C3ECE001C3FAF /* SecureStoreCreditCard+Extensions.swift */ = {isa = PBXFileReference; lastKnownFileType = sourcecode.swift; path = "SecureStoreCreditCard+Extensions.swift"; sourceTree = "<group>"; };
		26A39C2D2A2D2290001C3FAF /* CoordinatorFactory.swift */ = {isa = PBXFileReference; lastKnownFileType = sourcecode.swift; path = CoordinatorFactory.swift; sourceTree = "<group>"; };
		26B381B429EC575900D0CCD8 /* Coordinator.swift */ = {isa = PBXFileReference; lastKnownFileType = sourcecode.swift; path = Coordinator.swift; sourceTree = "<group>"; };
		26B381B629EC581D00D0CCD8 /* CardFortressAppCoordinator.swift */ = {isa = PBXFileReference; lastKnownFileType = sourcecode.swift; path = CardFortressAppCoordinator.swift; sourceTree = "<group>"; };
		26B38C0F29ECC03200D0CCD8 /* ListViewModel.swift */ = {isa = PBXFileReference; lastKnownFileType = sourcecode.swift; path = ListViewModel.swift; sourceTree = "<group>"; };
		26B38C1129ECC22100D0CCD8 /* CardListCoordinator.swift */ = {isa = PBXFileReference; lastKnownFileType = sourcecode.swift; path = CardListCoordinator.swift; sourceTree = "<group>"; };
		26B38C1B29ECF70C00D0CCD8 /* LocalizableString.swift */ = {isa = PBXFileReference; lastKnownFileType = sourcecode.swift; path = LocalizableString.swift; sourceTree = "<group>"; };
		26B38C2529ECF9EC00D0CCD8 /* en */ = {isa = PBXFileReference; lastKnownFileType = text.plist.strings; name = en; path = Localizable.strings; sourceTree = "<group>"; };
		26B7701129EC450200CC9FEB /* CardFortress.app */ = {isa = PBXFileReference; explicitFileType = wrapper.application; includeInIndex = 0; path = CardFortress.app; sourceTree = BUILT_PRODUCTS_DIR; };
		26B7701429EC450200CC9FEB /* AppDelegate.swift */ = {isa = PBXFileReference; lastKnownFileType = sourcecode.swift; path = AppDelegate.swift; sourceTree = "<group>"; };
		26B7701629EC450200CC9FEB /* SceneDelegate.swift */ = {isa = PBXFileReference; lastKnownFileType = sourcecode.swift; path = SceneDelegate.swift; sourceTree = "<group>"; };
		26B7701829EC450200CC9FEB /* CardListViewController.swift */ = {isa = PBXFileReference; lastKnownFileType = sourcecode.swift; path = CardListViewController.swift; sourceTree = "<group>"; };
		26B7701D29EC450400CC9FEB /* Assets.xcassets */ = {isa = PBXFileReference; lastKnownFileType = folder.assetcatalog; path = Assets.xcassets; sourceTree = "<group>"; };
		26B7702029EC450400CC9FEB /* Base */ = {isa = PBXFileReference; lastKnownFileType = file.storyboard; name = Base; path = Base.lproj/LaunchScreen.storyboard; sourceTree = "<group>"; };
		26B7702229EC450400CC9FEB /* Info.plist */ = {isa = PBXFileReference; lastKnownFileType = text.plist.xml; path = Info.plist; sourceTree = "<group>"; };
		26B7702729EC450400CC9FEB /* CardFortressTests.xctest */ = {isa = PBXFileReference; explicitFileType = wrapper.cfbundle; includeInIndex = 0; path = CardFortressTests.xctest; sourceTree = BUILT_PRODUCTS_DIR; };
		26B7703129EC450400CC9FEB /* CardFortressUITests.xctest */ = {isa = PBXFileReference; explicitFileType = wrapper.cfbundle; includeInIndex = 0; path = CardFortressUITests.xctest; sourceTree = BUILT_PRODUCTS_DIR; };
		26B7703529EC450400CC9FEB /* CardFortressUITests.swift */ = {isa = PBXFileReference; lastKnownFileType = sourcecode.swift; path = CardFortressUITests.swift; sourceTree = "<group>"; };
		26B7703729EC450400CC9FEB /* CardFortressUITestsLaunchTests.swift */ = {isa = PBXFileReference; lastKnownFileType = sourcecode.swift; path = CardFortressUITestsLaunchTests.swift; sourceTree = "<group>"; };
		26C4628629F379CF000B06A7 /* CoordinatorTests.swift */ = {isa = PBXFileReference; lastKnownFileType = sourcecode.swift; path = CoordinatorTests.swift; sourceTree = "<group>"; };
		26C462B929F63E3F000B06A7 /* CardCollectionViewCellTest.swift */ = {isa = PBXFileReference; lastKnownFileType = sourcecode.swift; path = CardCollectionViewCellTest.swift; sourceTree = "<group>"; };
		26C462BB29F647B1000B06A7 /* CardFortress.xctestplan */ = {isa = PBXFileReference; lastKnownFileType = text; path = CardFortress.xctestplan; sourceTree = "<group>"; };
		26C84E852A1DB97000F65D32 /* SecureStoreMock.swift */ = {isa = PBXFileReference; lastKnownFileType = sourcecode.swift; path = SecureStoreMock.swift; sourceTree = "<group>"; };
		26C84E872A1DC97400F65D32 /* SecureStore+Helpers.swift */ = {isa = PBXFileReference; lastKnownFileType = sourcecode.swift; path = "SecureStore+Helpers.swift"; sourceTree = "<group>"; };
		26CE97C52A11F70F00AF62DE /* MainViewControllerFactory.swift */ = {isa = PBXFileReference; lastKnownFileType = sourcecode.swift; path = MainViewControllerFactory.swift; sourceTree = "<group>"; };
		26CEBA642A15D71D00AF62DE /* RootVCFactory.swift */ = {isa = PBXFileReference; lastKnownFileType = sourcecode.swift; path = RootVCFactory.swift; sourceTree = "<group>"; };
		26CEBA662A15DE1100AF62DE /* UIAlertControllerBuilderTests.swift */ = {isa = PBXFileReference; lastKnownFileType = sourcecode.swift; path = UIAlertControllerBuilderTests.swift; sourceTree = "<group>"; };
		26D09A5F2A68FA7400B9D885 /* GoogleService-Info.plist */ = {isa = PBXFileReference; fileEncoding = 4; lastKnownFileType = text.plist.xml; path = "GoogleService-Info.plist"; sourceTree = "<group>"; };
		26D09A6A2A69029900B9D885 /* AuthenticationAPI.swift */ = {isa = PBXFileReference; fileEncoding = 4; lastKnownFileType = sourcecode.swift; path = AuthenticationAPI.swift; sourceTree = "<group>"; };
		26D09A942A69912700B9D885 /* LoginView.swift */ = {isa = PBXFileReference; lastKnownFileType = sourcecode.swift; path = LoginView.swift; sourceTree = "<group>"; };
		26D09A962A69915A00B9D885 /* LoginViewModel.swift */ = {isa = PBXFileReference; lastKnownFileType = sourcecode.swift; path = LoginViewModel.swift; sourceTree = "<group>"; };
		26DF384729F0D4BA007091C3 /* SceneDelegate+Setup.swift */ = {isa = PBXFileReference; lastKnownFileType = sourcecode.swift; path = "SceneDelegate+Setup.swift"; sourceTree = "<group>"; };
		26DF384A29F0EAB3007091C3 /* CardCollectionViewCell.swift */ = {isa = PBXFileReference; lastKnownFileType = sourcecode.swift; path = CardCollectionViewCell.swift; sourceTree = "<group>"; };
		26F0945229F74045009B0494 /* CardListViewControllerTests.swift */ = {isa = PBXFileReference; lastKnownFileType = sourcecode.swift; path = CardListViewControllerTests.swift; sourceTree = "<group>"; };
		26F0945429F7978E009B0494 /* NavigationCoordinator.swift */ = {isa = PBXFileReference; lastKnownFileType = sourcecode.swift; path = NavigationCoordinator.swift; sourceTree = "<group>"; };
		26F5B4BC29FDA8B7002D224D /* CardListService.swift */ = {isa = PBXFileReference; lastKnownFileType = sourcecode.swift; path = CardListService.swift; sourceTree = "<group>"; };
		26F5B4BE29FDB3D8002D224D /* ListViewModelTests.swift */ = {isa = PBXFileReference; lastKnownFileType = sourcecode.swift; path = ListViewModelTests.swift; sourceTree = "<group>"; };
		26F5B4C029FDBE62002D224D /* CardListServiceTests.swift */ = {isa = PBXFileReference; lastKnownFileType = sourcecode.swift; path = CardListServiceTests.swift; sourceTree = "<group>"; };
		26F5B4D029FEBD33002D224D /* CreditCard.swift */ = {isa = PBXFileReference; lastKnownFileType = sourcecode.swift; path = CreditCard.swift; sourceTree = "<group>"; };
		26F5B4DA2A000C1D002D224D /* UIAlertController+Builder.swift */ = {isa = PBXFileReference; lastKnownFileType = sourcecode.swift; path = "UIAlertController+Builder.swift"; sourceTree = "<group>"; };
		26F5B4E02A002286002D224D /* UIView+Extensions.swift */ = {isa = PBXFileReference; lastKnownFileType = sourcecode.swift; path = "UIView+Extensions.swift"; sourceTree = "<group>"; };
		26F5B4E22A00387E002D224D /* SecureStoreError.swift */ = {isa = PBXFileReference; lastKnownFileType = sourcecode.swift; path = SecureStoreError.swift; sourceTree = "<group>"; };
		26F5B4E42A0039DD002D224D /* SecureStoreQueryable.swift */ = {isa = PBXFileReference; lastKnownFileType = sourcecode.swift; path = SecureStoreQueryable.swift; sourceTree = "<group>"; };
/* End PBXFileReference section */

/* Begin PBXFrameworksBuildPhase section */
		26B7700E29EC450200CC9FEB /* Frameworks */ = {
			isa = PBXFrameworksBuildPhase;
			buildActionMask = 2147483647;
			files = (
				2655DFBD2A059158003EFDA2 /* CreditCardValidator in Frameworks */,
				26D09A652A68FB3C00B9D885 /* FirebaseAuth in Frameworks */,
				26DF384629F0CC19007091C3 /* Swinject in Frameworks */,
				26D09A632A68FB3C00B9D885 /* FirebaseAnalytics in Frameworks */,
				26921EAC2A6641BE00DA1313 /* SnackBar in Frameworks */,
			);
			runOnlyForDeploymentPostprocessing = 0;
		};
		26B7702429EC450400CC9FEB /* Frameworks */ = {
			isa = PBXFrameworksBuildPhase;
			buildActionMask = 2147483647;
			files = (
			);
			runOnlyForDeploymentPostprocessing = 0;
		};
		26B7702E29EC450400CC9FEB /* Frameworks */ = {
			isa = PBXFrameworksBuildPhase;
			buildActionMask = 2147483647;
			files = (
			);
			runOnlyForDeploymentPostprocessing = 0;
		};
/* End PBXFrameworksBuildPhase section */

/* Begin PBXGroup section */
		261EA5792A3589AC00367CC4 /* AddCreditCard */ = {
			isa = PBXGroup;
			children = (
				261EA57A2A3589CC00367CC4 /* AddCreditCardCoordinator.swift */,
				261EA5812A364B0100367CC4 /* AddCreditCardViewModel.swift */,
				261EA5832A364B4200367CC4 /* AddCreditCardViewController.swift */,
				269956422A4B4D9800FCACE9 /* PreviewCreditCardView.swift */,
			);
			path = AddCreditCard;
			sourceTree = "<group>";
		};
		261EA5872A3672E600367CC4 /* CustomViews */ = {
			isa = PBXGroup;
			children = (
				26921A382A64566D00DA1313 /* CFTextField.swift */,
				26921EA62A66160A00DA1313 /* GenericError.swift */,
			);
			path = CustomViews;
			sourceTree = "<group>";
		};
		2631E2502A04BF0100197FEA /* Resources */ = {
			isa = PBXGroup;
			children = (
				2631E24E2A04BEF200197FEA /* CREDC___.otf */,
				26B7701D29EC450400CC9FEB /* Assets.xcassets */,
			);
			path = Resources;
			sourceTree = "<group>";
		};
		26360D3F2A3DF77C002E7E9E /* Vision */ = {
			isa = PBXGroup;
			children = (
				26360D402A3DF7E9002E7E9E /* VisionKitCoordinator.swift */,
			);
			path = Vision;
			sourceTree = "<group>";
		};
		265FC8582A0C532B00939A12 /* Model */ = {
			isa = PBXGroup;
			children = (
				265FC8592A0C538D00939A12 /* SecureStoreCreditCard.swift */,
			);
			path = Model;
			sourceTree = "<group>";
		};
		266D71E82A552FA100E731C7 /* VisionKit */ = {
			isa = PBXGroup;
			children = (
				26921A432A64EBFD00DA1313 /* VisionKitCoordinatorTests.swift */,
			);
			path = VisionKit;
			sourceTree = "<group>";
		};
		26888FDA2A076F6200936748 /* Mocks */ = {
			isa = PBXGroup;
			children = (
				26888FDD2A0770A400936748 /* MockListService.swift */,
				26888FE12A0771C400936748 /* MockListViewModel.swift */,
				26C84E852A1DB97000F65D32 /* SecureStoreMock.swift */,
				26995FE72A4B8A6000FCACE9 /* AddCreditCardMockFactory.swift */,
			);
			path = Mocks;
			sourceTree = "<group>";
		};
		26921A402A64E79D00DA1313 /* CustomViews */ = {
			isa = PBXGroup;
			children = (
				26921A412A64E7BC00DA1313 /* CFTextFieldTests.swift */,
			);
			path = CustomViews;
			sourceTree = "<group>";
		};
		269956442A4B843400FCACE9 /* AddCreditCard */ = {
			isa = PBXGroup;
			children = (
				26921A3C2A64E22100DA1313 /* AddCreditCardCoordinatorTests.swift */,
				26921A3D2A64E22100DA1313 /* AddCreditCardViewControllerTests.swift */,
				26921EA82A66184700DA1313 /* AddCreditCardViewModelTests.swift */,
			);
			path = AddCreditCard;
			sourceTree = "<group>";
		};
		26A39C2F2A2D2C80001C3FAF /* Factory */ = {
			isa = PBXGroup;
			children = (
				26CEBA642A15D71D00AF62DE /* RootVCFactory.swift */,
				26A39C2D2A2D2290001C3FAF /* CoordinatorFactory.swift */,
			);
			path = Factory;
			sourceTree = "<group>";
		};
		26AC69682A575143001404E5 /* CardFortressRootCoordinator */ = {
			isa = PBXGroup;
			children = (
				26921A472A65822900DA1313 /* CardFortressRootCoordinatorTests.swift */,
			);
			path = CardFortressRootCoordinator;
			sourceTree = "<group>";
		};
		26B38C0D29ECC00C00D0CCD8 /* Modules */ = {
			isa = PBXGroup;
			children = (
				26D09A692A69029900B9D885 /* Login */,
				26F5B4CD29FEBC6F002D224D /* Service */,
				26F5B4D82A0003EA002D224D /* SecureStore */,
			);
			path = Modules;
			sourceTree = "<group>";
		};
		26B38C0E29ECC01A00D0CCD8 /* Views */ = {
			isa = PBXGroup;
			children = (
				26360D3F2A3DF77C002E7E9E /* Vision */,
				26CE97C52A11F70F00AF62DE /* MainViewControllerFactory.swift */,
				261EA5792A3589AC00367CC4 /* AddCreditCard */,
				26DF384929F0EA9B007091C3 /* MainList */,
				26F5B4D229FEBD3A002D224D /* Models */,
			);
			path = Views;
			sourceTree = "<group>";
		};
		26B38C1329ECECEF00D0CCD8 /* Helpers */ = {
			isa = PBXGroup;
			children = (
				26DCCBBD2A4A37C600B6742B /* PropertyWrappers */,
				261EA5872A3672E600367CC4 /* CustomViews */,
				26A39C2F2A2D2C80001C3FAF /* Factory */,
				26F5B4D92A000C03002D224D /* Extensions */,
				26F0945629F7979C009B0494 /* Coordinator */,
				26B38C1A29ECF66000D0CCD8 /* LocalizableString */,
				26B38C1929ECF65300D0CCD8 /* Protocols */,
				263617D22A3FA4FB002E7E9E /* ImageParser.swift */,
			);
			path = Helpers;
			sourceTree = "<group>";
		};
		26B38C1929ECF65300D0CCD8 /* Protocols */ = {
			isa = PBXGroup;
			children = (
				26F0945429F7978E009B0494 /* NavigationCoordinator.swift */,
				261EA57F2A3594D200367CC4 /* TabBarCoordinatorProtocol.swift */,
				26921A492A65930900DA1313 /* VisionKitViewControllerProtocol.swift */,
			);
			path = Protocols;
			sourceTree = "<group>";
		};
		26B38C1A29ECF66000D0CCD8 /* LocalizableString */ = {
			isa = PBXGroup;
			children = (
				26B38C2329ECF9EC00D0CCD8 /* en.lproj */,
				26B38C1B29ECF70C00D0CCD8 /* LocalizableString.swift */,
			);
			path = LocalizableString;
			sourceTree = "<group>";
		};
		26B38C1D29ECF80500D0CCD8 /* CardFortressApp */ = {
			isa = PBXGroup;
			children = (
				26B7701429EC450200CC9FEB /* AppDelegate.swift */,
				26B381B629EC581D00D0CCD8 /* CardFortressAppCoordinator.swift */,
				26B7701629EC450200CC9FEB /* SceneDelegate.swift */,
				26DF384729F0D4BA007091C3 /* SceneDelegate+Setup.swift */,
				261B56DE2A6C67EB007F69CF /* TabBarCoordinator.swift */,
			);
			path = CardFortressApp;
			sourceTree = "<group>";
		};
		26B38C2329ECF9EC00D0CCD8 /* en.lproj */ = {
			isa = PBXGroup;
			children = (
				26B38C2429ECF9EC00D0CCD8 /* Localizable.strings */,
			);
			path = en.lproj;
			sourceTree = "<group>";
		};
		26B7700829EC450200CC9FEB = {
			isa = PBXGroup;
			children = (
				26B7701329EC450200CC9FEB /* CardFortress */,
				26B7702A29EC450400CC9FEB /* CardFortressTests */,
				26B7703429EC450400CC9FEB /* CardFortressUITests */,
				26B7701229EC450200CC9FEB /* Products */,
			);
			sourceTree = "<group>";
		};
		26B7701229EC450200CC9FEB /* Products */ = {
			isa = PBXGroup;
			children = (
				26B7701129EC450200CC9FEB /* CardFortress.app */,
				26B7702729EC450400CC9FEB /* CardFortressTests.xctest */,
				26B7703129EC450400CC9FEB /* CardFortressUITests.xctest */,
			);
			name = Products;
			sourceTree = "<group>";
		};
		26B7701329EC450200CC9FEB /* CardFortress */ = {
			isa = PBXGroup;
			children = (
				26B7702229EC450400CC9FEB /* Info.plist */,
				26D09A5F2A68FA7400B9D885 /* GoogleService-Info.plist */,
				2631E2502A04BF0100197FEA /* Resources */,
				26B38C1329ECECEF00D0CCD8 /* Helpers */,
				26B38C0E29ECC01A00D0CCD8 /* Views */,
				26B38C0D29ECC00C00D0CCD8 /* Modules */,
				26B38C1D29ECF80500D0CCD8 /* CardFortressApp */,
				26B7701F29EC450400CC9FEB /* LaunchScreen.storyboard */,
			);
			path = CardFortress;
			sourceTree = "<group>";
		};
		26B7702A29EC450400CC9FEB /* CardFortressTests */ = {
			isa = PBXGroup;
			children = (
				26921A402A64E79D00DA1313 /* CustomViews */,
				26AC69682A575143001404E5 /* CardFortressRootCoordinator */,
				266D71E82A552FA100E731C7 /* VisionKit */,
				269956442A4B843400FCACE9 /* AddCreditCard */,
				26CEBA632A15D3DD00AF62DE /* SecureStoreTests */,
				26888FDA2A076F6200936748 /* Mocks */,
				26C462BB29F647B1000B06A7 /* CardFortress.xctestplan */,
				26C4628629F379CF000B06A7 /* CoordinatorTests.swift */,
				26C462B929F63E3F000B06A7 /* CardCollectionViewCellTest.swift */,
				26F0945229F74045009B0494 /* CardListViewControllerTests.swift */,
				26F5B4BE29FDB3D8002D224D /* ListViewModelTests.swift */,
				26F5B4C029FDBE62002D224D /* CardListServiceTests.swift */,
				2612432D2A03331300057A52 /* NavigationCoordinatorTests.swift */,
				265FD5752A0DF7A100939A12 /* SubviewBuilderTests.swift */,
				26CEBA662A15DE1100AF62DE /* UIAlertControllerBuilderTests.swift */,
				26921A452A64F57B00DA1313 /* SecureStoreErrorTests.swift */,
				26921EA42A660C9800DA1313 /* ImageParserTests.swift */,
			);
			path = CardFortressTests;
			sourceTree = "<group>";
		};
		26B7703429EC450400CC9FEB /* CardFortressUITests */ = {
			isa = PBXGroup;
			children = (
				26B7703529EC450400CC9FEB /* CardFortressUITests.swift */,
				26B7703729EC450400CC9FEB /* CardFortressUITestsLaunchTests.swift */,
			);
			path = CardFortressUITests;
			sourceTree = "<group>";
		};
		26CEBA632A15D3DD00AF62DE /* SecureStoreTests */ = {
			isa = PBXGroup;
			children = (
				26366FC32A19302A00C9B8DA /* SecureStoreTests.swift */,
			);
			path = SecureStoreTests;
			sourceTree = "<group>";
		};
		26D09A692A69029900B9D885 /* Login */ = {
			isa = PBXGroup;
			children = (
				26D09A6A2A69029900B9D885 /* AuthenticationAPI.swift */,
				26D09A942A69912700B9D885 /* LoginView.swift */,
				26D09A962A69915A00B9D885 /* LoginViewModel.swift */,
				261B56E02A6C77F7007F69CF /* LoginCoordinator.swift */,
			);
			path = Login;
			sourceTree = "<group>";
		};
		26DCCBBD2A4A37C600B6742B /* PropertyWrappers */ = {
			isa = PBXGroup;
			children = (
			);
			path = PropertyWrappers;
			sourceTree = "<group>";
		};
		26DF384929F0EA9B007091C3 /* MainList */ = {
			isa = PBXGroup;
			children = (
				26B38C0F29ECC03200D0CCD8 /* ListViewModel.swift */,
				26B38C1129ECC22100D0CCD8 /* CardListCoordinator.swift */,
				26B7701829EC450200CC9FEB /* CardListViewController.swift */,
				26DF384A29F0EAB3007091C3 /* CardCollectionViewCell.swift */,
			);
			path = MainList;
			sourceTree = "<group>";
		};
		26F0945629F7979C009B0494 /* Coordinator */ = {
			isa = PBXGroup;
			children = (
				26B381B429EC575900D0CCD8 /* Coordinator.swift */,
			);
			path = Coordinator;
			sourceTree = "<group>";
		};
		26F5B4CD29FEBC6F002D224D /* Service */ = {
			isa = PBXGroup;
			children = (
				26F5B4BC29FDA8B7002D224D /* CardListService.swift */,
			);
			path = Service;
			sourceTree = "<group>";
		};
		26F5B4D229FEBD3A002D224D /* Models */ = {
			isa = PBXGroup;
			children = (
				26F5B4D029FEBD33002D224D /* CreditCard.swift */,
			);
			path = Models;
			sourceTree = "<group>";
		};
		26F5B4D82A0003EA002D224D /* SecureStore */ = {
			isa = PBXGroup;
			children = (
				265FC8582A0C532B00939A12 /* Model */,
				26F5B4E22A00387E002D224D /* SecureStoreError.swift */,
				26F5B4E42A0039DD002D224D /* SecureStoreQueryable.swift */,
				26366FC12A18A38100C9B8DA /* SecureStore.swift */,
				26C84E872A1DC97400F65D32 /* SecureStore+Helpers.swift */,
			);
			path = SecureStore;
			sourceTree = "<group>";
		};
		26F5B4D92A000C03002D224D /* Extensions */ = {
			isa = PBXGroup;
			children = (
				26F5B4DA2A000C1D002D224D /* UIAlertController+Builder.swift */,
				26F5B4E02A002286002D224D /* UIView+Extensions.swift */,
				26888FD82A0756FE00936748 /* UIImage+Extensions.swift */,
				26A39C292A2C3ECE001C3FAF /* SecureStoreCreditCard+Extensions.swift */,
				261EA5852A364C5C00367CC4 /* UITabBarItem+Extensions.swift */,
				26921A362A63228B00DA1313 /* UIColor+Extensions.swift */,
				26921A3A2A6460A700DA1313 /* UITextField+Extensions.swift */,
				26921EAD2A66434300DA1313 /* UIViewController+Extensions.swift */,
				261B61C72A6CF1D8007F69CF /* TextFieldStyles.swift */,
			);
			path = Extensions;
			sourceTree = "<group>";
		};
/* End PBXGroup section */

/* Begin PBXNativeTarget section */
		26B7701029EC450200CC9FEB /* CardFortress */ = {
			isa = PBXNativeTarget;
			buildConfigurationList = 26B7703B29EC450400CC9FEB /* Build configuration list for PBXNativeTarget "CardFortress" */;
			buildPhases = (
				26B7700D29EC450200CC9FEB /* Sources */,
				26B7700E29EC450200CC9FEB /* Frameworks */,
				26B7700F29EC450200CC9FEB /* Resources */,
			);
			buildRules = (
			);
			dependencies = (
			);
			name = CardFortress;
			packageProductDependencies = (
				26DF384529F0CC19007091C3 /* Swinject */,
				2655DFBC2A059158003EFDA2 /* CreditCardValidator */,
				26921EAB2A6641BE00DA1313 /* SnackBar */,
				26D09A622A68FB3C00B9D885 /* FirebaseAnalytics */,
				26D09A642A68FB3C00B9D885 /* FirebaseAuth */,
			);
			productName = CardFortress;
			productReference = 26B7701129EC450200CC9FEB /* CardFortress.app */;
			productType = "com.apple.product-type.application";
		};
		26B7702629EC450400CC9FEB /* CardFortressTests */ = {
			isa = PBXNativeTarget;
			buildConfigurationList = 26B7703E29EC450400CC9FEB /* Build configuration list for PBXNativeTarget "CardFortressTests" */;
			buildPhases = (
				26B7702329EC450400CC9FEB /* Sources */,
				26B7702429EC450400CC9FEB /* Frameworks */,
				26B7702529EC450400CC9FEB /* Resources */,
			);
			buildRules = (
			);
			dependencies = (
				26B7702929EC450400CC9FEB /* PBXTargetDependency */,
			);
			name = CardFortressTests;
			productName = CardFortressTests;
			productReference = 26B7702729EC450400CC9FEB /* CardFortressTests.xctest */;
			productType = "com.apple.product-type.bundle.unit-test";
		};
		26B7703029EC450400CC9FEB /* CardFortressUITests */ = {
			isa = PBXNativeTarget;
			buildConfigurationList = 26B7704129EC450400CC9FEB /* Build configuration list for PBXNativeTarget "CardFortressUITests" */;
			buildPhases = (
				26B7702D29EC450400CC9FEB /* Sources */,
				26B7702E29EC450400CC9FEB /* Frameworks */,
				26B7702F29EC450400CC9FEB /* Resources */,
			);
			buildRules = (
			);
			dependencies = (
				26B7703329EC450400CC9FEB /* PBXTargetDependency */,
			);
			name = CardFortressUITests;
			productName = CardFortressUITests;
			productReference = 26B7703129EC450400CC9FEB /* CardFortressUITests.xctest */;
			productType = "com.apple.product-type.bundle.ui-testing";
		};
/* End PBXNativeTarget section */

/* Begin PBXProject section */
		26B7700929EC450200CC9FEB /* Project object */ = {
			isa = PBXProject;
			attributes = {
				BuildIndependentTargetsInParallel = 1;
				LastSwiftUpdateCheck = 1410;
				LastUpgradeCheck = 1410;
				TargetAttributes = {
					26B7701029EC450200CC9FEB = {
						CreatedOnToolsVersion = 14.1;
					};
					26B7702629EC450400CC9FEB = {
						CreatedOnToolsVersion = 14.1;
						TestTargetID = 26B7701029EC450200CC9FEB;
					};
					26B7703029EC450400CC9FEB = {
						CreatedOnToolsVersion = 14.1;
						TestTargetID = 26B7701029EC450200CC9FEB;
					};
				};
			};
			buildConfigurationList = 26B7700C29EC450200CC9FEB /* Build configuration list for PBXProject "CardFortress" */;
			compatibilityVersion = "Xcode 14.0";
			developmentRegion = en;
			hasScannedForEncodings = 0;
			knownRegions = (
				en,
				Base,
			);
			mainGroup = 26B7700829EC450200CC9FEB;
			packageReferences = (
				26DF384429F0CC19007091C3 /* XCRemoteSwiftPackageReference "Swinject" */,
				2655DFBB2A059158003EFDA2 /* XCRemoteSwiftPackageReference "CreditCardValidator" */,
				26921EAA2A6641BE00DA1313 /* XCRemoteSwiftPackageReference "SnackBar" */,
				26D09A612A68FB3C00B9D885 /* XCRemoteSwiftPackageReference "firebase-ios-sdk" */,
			);
			productRefGroup = 26B7701229EC450200CC9FEB /* Products */;
			projectDirPath = "";
			projectRoot = "";
			targets = (
				26B7701029EC450200CC9FEB /* CardFortress */,
				26B7702629EC450400CC9FEB /* CardFortressTests */,
				26B7703029EC450400CC9FEB /* CardFortressUITests */,
			);
		};
/* End PBXProject section */

/* Begin PBXResourcesBuildPhase section */
		26B7700F29EC450200CC9FEB /* Resources */ = {
			isa = PBXResourcesBuildPhase;
			buildActionMask = 2147483647;
			files = (
				2631E24F2A04BEF200197FEA /* CREDC___.otf in Resources */,
				26B7702129EC450400CC9FEB /* LaunchScreen.storyboard in Resources */,
				26D09A602A68FA7400B9D885 /* GoogleService-Info.plist in Resources */,
				26B7701E29EC450400CC9FEB /* Assets.xcassets in Resources */,
				26B38C2629ECF9EC00D0CCD8 /* Localizable.strings in Resources */,
			);
			runOnlyForDeploymentPostprocessing = 0;
		};
		26B7702529EC450400CC9FEB /* Resources */ = {
			isa = PBXResourcesBuildPhase;
			buildActionMask = 2147483647;
			files = (
			);
			runOnlyForDeploymentPostprocessing = 0;
		};
		26B7702F29EC450400CC9FEB /* Resources */ = {
			isa = PBXResourcesBuildPhase;
			buildActionMask = 2147483647;
			files = (
			);
			runOnlyForDeploymentPostprocessing = 0;
		};
/* End PBXResourcesBuildPhase section */

/* Begin PBXSourcesBuildPhase section */
		26B7700D29EC450200CC9FEB /* Sources */ = {
			isa = PBXSourcesBuildPhase;
			buildActionMask = 2147483647;
			files = (
				26B381B529EC575900D0CCD8 /* Coordinator.swift in Sources */,
				26921A4A2A65930900DA1313 /* VisionKitViewControllerProtocol.swift in Sources */,
				26366FC22A18A38100C9B8DA /* SecureStore.swift in Sources */,
				26B7701929EC450200CC9FEB /* CardListViewController.swift in Sources */,
				26F5B4D129FEBD33002D224D /* CreditCard.swift in Sources */,
				26CE97C62A11F70F00AF62DE /* MainViewControllerFactory.swift in Sources */,
				26B381B729EC581D00D0CCD8 /* CardFortressAppCoordinator.swift in Sources */,
				26DF384B29F0EAB3007091C3 /* CardCollectionViewCell.swift in Sources */,
				261EA5862A364C5C00367CC4 /* UITabBarItem+Extensions.swift in Sources */,
				263617D32A3FA4FB002E7E9E /* ImageParser.swift in Sources */,
				26F5B4DB2A000C1D002D224D /* UIAlertController+Builder.swift in Sources */,
				26F5B4E12A002286002D224D /* UIView+Extensions.swift in Sources */,
				261B56DF2A6C67EB007F69CF /* TabBarCoordinator.swift in Sources */,
				26921A372A63228B00DA1313 /* UIColor+Extensions.swift in Sources */,
				26F0945529F7978E009B0494 /* NavigationCoordinator.swift in Sources */,
				26B38C1C29ECF70C00D0CCD8 /* LocalizableString.swift in Sources */,
				261B61C82A6CF1D8007F69CF /* TextFieldStyles.swift in Sources */,
				261EA57B2A3589CC00367CC4 /* AddCreditCardCoordinator.swift in Sources */,
				26921A3B2A6460A700DA1313 /* UITextField+Extensions.swift in Sources */,
				26B38C1229ECC22100D0CCD8 /* CardListCoordinator.swift in Sources */,
				26F5B4BD29FDA8B7002D224D /* CardListService.swift in Sources */,
				26F5B4E52A0039DD002D224D /* SecureStoreQueryable.swift in Sources */,
				26D09A972A69915A00B9D885 /* LoginViewModel.swift in Sources */,
				26B38C1029ECC03200D0CCD8 /* ListViewModel.swift in Sources */,
				26B7701529EC450200CC9FEB /* AppDelegate.swift in Sources */,
				26C84E882A1DC97400F65D32 /* SecureStore+Helpers.swift in Sources */,
				261EA5842A364B4200367CC4 /* AddCreditCardViewController.swift in Sources */,
				261B56E12A6C77F7007F69CF /* LoginCoordinator.swift in Sources */,
				26B7701729EC450200CC9FEB /* SceneDelegate.swift in Sources */,
				261EA5802A3594D200367CC4 /* TabBarCoordinatorProtocol.swift in Sources */,
				26921EA72A66160A00DA1313 /* GenericError.swift in Sources */,
				26DF384829F0D4BA007091C3 /* SceneDelegate+Setup.swift in Sources */,
				26D09A6B2A69029900B9D885 /* AuthenticationAPI.swift in Sources */,
				26921EAE2A66434300DA1313 /* UIViewController+Extensions.swift in Sources */,
				26CEBA652A15D71D00AF62DE /* RootVCFactory.swift in Sources */,
				269956432A4B4D9800FCACE9 /* PreviewCreditCardView.swift in Sources */,
				26360D412A3DF7E9002E7E9E /* VisionKitCoordinator.swift in Sources */,
				26888FD92A0756FE00936748 /* UIImage+Extensions.swift in Sources */,
				26921A392A64566D00DA1313 /* CFTextField.swift in Sources */,
				26A39C2A2A2C3ECE001C3FAF /* SecureStoreCreditCard+Extensions.swift in Sources */,
				26F5B4E32A00387E002D224D /* SecureStoreError.swift in Sources */,
				265FC85A2A0C538D00939A12 /* SecureStoreCreditCard.swift in Sources */,
				261EA5822A364B0100367CC4 /* AddCreditCardViewModel.swift in Sources */,
				26D09A952A69912700B9D885 /* LoginView.swift in Sources */,
				26A39C2E2A2D2290001C3FAF /* CoordinatorFactory.swift in Sources */,
			);
			runOnlyForDeploymentPostprocessing = 0;
		};
		26B7702329EC450400CC9FEB /* Sources */ = {
			isa = PBXSourcesBuildPhase;
			buildActionMask = 2147483647;
			files = (
				26888FDE2A0770A400936748 /* MockListService.swift in Sources */,
				26921A3F2A64E22100DA1313 /* AddCreditCardViewControllerTests.swift in Sources */,
				26C462BA29F63E3F000B06A7 /* CardCollectionViewCellTest.swift in Sources */,
				26995FE82A4B8A6000FCACE9 /* AddCreditCardMockFactory.swift in Sources */,
				26921EA52A660C9800DA1313 /* ImageParserTests.swift in Sources */,
				26CEBA672A15DE1100AF62DE /* UIAlertControllerBuilderTests.swift in Sources */,
				26921EA92A66184700DA1313 /* AddCreditCardViewModelTests.swift in Sources */,
				26C4628729F379CF000B06A7 /* CoordinatorTests.swift in Sources */,
				26921A422A64E7BC00DA1313 /* CFTextFieldTests.swift in Sources */,
				26366FC42A19302A00C9B8DA /* SecureStoreTests.swift in Sources */,
				26F5B4BF29FDB3D8002D224D /* ListViewModelTests.swift in Sources */,
				26921A3E2A64E22100DA1313 /* AddCreditCardCoordinatorTests.swift in Sources */,
				26921A482A65822900DA1313 /* CardFortressRootCoordinatorTests.swift in Sources */,
				265FD5762A0DF7A100939A12 /* SubviewBuilderTests.swift in Sources */,
				2612432E2A03331300057A52 /* NavigationCoordinatorTests.swift in Sources */,
				26F0945329F74045009B0494 /* CardListViewControllerTests.swift in Sources */,
				26921A462A64F57B00DA1313 /* SecureStoreErrorTests.swift in Sources */,
				26F5B4C129FDBE62002D224D /* CardListServiceTests.swift in Sources */,
				26888FE22A0771C400936748 /* MockListViewModel.swift in Sources */,
				26921A442A64EBFD00DA1313 /* VisionKitCoordinatorTests.swift in Sources */,
				26C84E862A1DB97000F65D32 /* SecureStoreMock.swift in Sources */,
			);
			runOnlyForDeploymentPostprocessing = 0;
		};
		26B7702D29EC450400CC9FEB /* Sources */ = {
			isa = PBXSourcesBuildPhase;
			buildActionMask = 2147483647;
			files = (
				26B7703829EC450400CC9FEB /* CardFortressUITestsLaunchTests.swift in Sources */,
				26B7703629EC450400CC9FEB /* CardFortressUITests.swift in Sources */,
			);
			runOnlyForDeploymentPostprocessing = 0;
		};
/* End PBXSourcesBuildPhase section */

/* Begin PBXTargetDependency section */
		26B7702929EC450400CC9FEB /* PBXTargetDependency */ = {
			isa = PBXTargetDependency;
			target = 26B7701029EC450200CC9FEB /* CardFortress */;
			targetProxy = 26B7702829EC450400CC9FEB /* PBXContainerItemProxy */;
		};
		26B7703329EC450400CC9FEB /* PBXTargetDependency */ = {
			isa = PBXTargetDependency;
			target = 26B7701029EC450200CC9FEB /* CardFortress */;
			targetProxy = 26B7703229EC450400CC9FEB /* PBXContainerItemProxy */;
		};
/* End PBXTargetDependency section */

/* Begin PBXVariantGroup section */
		26B38C2429ECF9EC00D0CCD8 /* Localizable.strings */ = {
			isa = PBXVariantGroup;
			children = (
				26B38C2529ECF9EC00D0CCD8 /* en */,
			);
			name = Localizable.strings;
			sourceTree = "<group>";
		};
		26B7701F29EC450400CC9FEB /* LaunchScreen.storyboard */ = {
			isa = PBXVariantGroup;
			children = (
				26B7702029EC450400CC9FEB /* Base */,
			);
			name = LaunchScreen.storyboard;
			sourceTree = "<group>";
		};
/* End PBXVariantGroup section */

/* Begin XCBuildConfiguration section */
		26B7703929EC450400CC9FEB /* Debug */ = {
			isa = XCBuildConfiguration;
			buildSettings = {
				ALWAYS_SEARCH_USER_PATHS = NO;
				CLANG_ANALYZER_NONNULL = YES;
				CLANG_ANALYZER_NUMBER_OBJECT_CONVERSION = YES_AGGRESSIVE;
				CLANG_CXX_LANGUAGE_STANDARD = "gnu++20";
				CLANG_ENABLE_MODULES = YES;
				CLANG_ENABLE_OBJC_ARC = YES;
				CLANG_ENABLE_OBJC_WEAK = YES;
				CLANG_WARN_BLOCK_CAPTURE_AUTORELEASING = YES;
				CLANG_WARN_BOOL_CONVERSION = YES;
				CLANG_WARN_COMMA = YES;
				CLANG_WARN_CONSTANT_CONVERSION = YES;
				CLANG_WARN_DEPRECATED_OBJC_IMPLEMENTATIONS = YES;
				CLANG_WARN_DIRECT_OBJC_ISA_USAGE = YES_ERROR;
				CLANG_WARN_DOCUMENTATION_COMMENTS = YES;
				CLANG_WARN_EMPTY_BODY = YES;
				CLANG_WARN_ENUM_CONVERSION = YES;
				CLANG_WARN_INFINITE_RECURSION = YES;
				CLANG_WARN_INT_CONVERSION = YES;
				CLANG_WARN_NON_LITERAL_NULL_CONVERSION = YES;
				CLANG_WARN_OBJC_IMPLICIT_RETAIN_SELF = YES;
				CLANG_WARN_OBJC_LITERAL_CONVERSION = YES;
				CLANG_WARN_OBJC_ROOT_CLASS = YES_ERROR;
				CLANG_WARN_QUOTED_INCLUDE_IN_FRAMEWORK_HEADER = YES;
				CLANG_WARN_RANGE_LOOP_ANALYSIS = YES;
				CLANG_WARN_STRICT_PROTOTYPES = YES;
				CLANG_WARN_SUSPICIOUS_MOVE = YES;
				CLANG_WARN_UNGUARDED_AVAILABILITY = YES_AGGRESSIVE;
				CLANG_WARN_UNREACHABLE_CODE = YES;
				CLANG_WARN__DUPLICATE_METHOD_MATCH = YES;
				COPY_PHASE_STRIP = NO;
				DEBUG_INFORMATION_FORMAT = dwarf;
				ENABLE_STRICT_OBJC_MSGSEND = YES;
				ENABLE_TESTABILITY = YES;
				GCC_C_LANGUAGE_STANDARD = gnu11;
				GCC_DYNAMIC_NO_PIC = NO;
				GCC_INSTRUMENT_PROGRAM_FLOW_ARCS = YES;
				GCC_NO_COMMON_BLOCKS = YES;
				GCC_OPTIMIZATION_LEVEL = 0;
				GCC_PREPROCESSOR_DEFINITIONS = (
					"DEBUG=1",
					"$(inherited)",
				);
				GCC_WARN_64_TO_32_BIT_CONVERSION = YES;
				GCC_WARN_ABOUT_RETURN_TYPE = YES_ERROR;
				GCC_WARN_UNDECLARED_SELECTOR = YES;
				GCC_WARN_UNINITIALIZED_AUTOS = YES_AGGRESSIVE;
				GCC_WARN_UNUSED_FUNCTION = YES;
				GCC_WARN_UNUSED_VARIABLE = YES;
				IPHONEOS_DEPLOYMENT_TARGET = 16.1;
				MTL_ENABLE_DEBUG_INFO = INCLUDE_SOURCE;
				MTL_FAST_MATH = YES;
				ONLY_ACTIVE_ARCH = YES;
				SDKROOT = iphoneos;
				SWIFT_ACTIVE_COMPILATION_CONDITIONS = DEBUG;
				SWIFT_OPTIMIZATION_LEVEL = "-Onone";
			};
			name = Debug;
		};
		26B7703A29EC450400CC9FEB /* Release */ = {
			isa = XCBuildConfiguration;
			buildSettings = {
				ALWAYS_SEARCH_USER_PATHS = NO;
				CLANG_ANALYZER_NONNULL = YES;
				CLANG_ANALYZER_NUMBER_OBJECT_CONVERSION = YES_AGGRESSIVE;
				CLANG_CXX_LANGUAGE_STANDARD = "gnu++20";
				CLANG_ENABLE_MODULES = YES;
				CLANG_ENABLE_OBJC_ARC = YES;
				CLANG_ENABLE_OBJC_WEAK = YES;
				CLANG_WARN_BLOCK_CAPTURE_AUTORELEASING = YES;
				CLANG_WARN_BOOL_CONVERSION = YES;
				CLANG_WARN_COMMA = YES;
				CLANG_WARN_CONSTANT_CONVERSION = YES;
				CLANG_WARN_DEPRECATED_OBJC_IMPLEMENTATIONS = YES;
				CLANG_WARN_DIRECT_OBJC_ISA_USAGE = YES_ERROR;
				CLANG_WARN_DOCUMENTATION_COMMENTS = YES;
				CLANG_WARN_EMPTY_BODY = YES;
				CLANG_WARN_ENUM_CONVERSION = YES;
				CLANG_WARN_INFINITE_RECURSION = YES;
				CLANG_WARN_INT_CONVERSION = YES;
				CLANG_WARN_NON_LITERAL_NULL_CONVERSION = YES;
				CLANG_WARN_OBJC_IMPLICIT_RETAIN_SELF = YES;
				CLANG_WARN_OBJC_LITERAL_CONVERSION = YES;
				CLANG_WARN_OBJC_ROOT_CLASS = YES_ERROR;
				CLANG_WARN_QUOTED_INCLUDE_IN_FRAMEWORK_HEADER = YES;
				CLANG_WARN_RANGE_LOOP_ANALYSIS = YES;
				CLANG_WARN_STRICT_PROTOTYPES = YES;
				CLANG_WARN_SUSPICIOUS_MOVE = YES;
				CLANG_WARN_UNGUARDED_AVAILABILITY = YES_AGGRESSIVE;
				CLANG_WARN_UNREACHABLE_CODE = YES;
				CLANG_WARN__DUPLICATE_METHOD_MATCH = YES;
				COPY_PHASE_STRIP = NO;
				DEBUG_INFORMATION_FORMAT = "dwarf-with-dsym";
				ENABLE_NS_ASSERTIONS = NO;
				ENABLE_STRICT_OBJC_MSGSEND = YES;
				GCC_C_LANGUAGE_STANDARD = gnu11;
				GCC_INSTRUMENT_PROGRAM_FLOW_ARCS = YES;
				GCC_NO_COMMON_BLOCKS = YES;
				GCC_WARN_64_TO_32_BIT_CONVERSION = YES;
				GCC_WARN_ABOUT_RETURN_TYPE = YES_ERROR;
				GCC_WARN_UNDECLARED_SELECTOR = YES;
				GCC_WARN_UNINITIALIZED_AUTOS = YES_AGGRESSIVE;
				GCC_WARN_UNUSED_FUNCTION = YES;
				GCC_WARN_UNUSED_VARIABLE = YES;
				IPHONEOS_DEPLOYMENT_TARGET = 16.1;
				MTL_ENABLE_DEBUG_INFO = NO;
				MTL_FAST_MATH = YES;
				SDKROOT = iphoneos;
				SWIFT_COMPILATION_MODE = wholemodule;
				SWIFT_OPTIMIZATION_LEVEL = "-O";
				VALIDATE_PRODUCT = YES;
			};
			name = Release;
		};
		26B7703C29EC450400CC9FEB /* Debug */ = {
			isa = XCBuildConfiguration;
			buildSettings = {
				ASSETCATALOG_COMPILER_APPICON_NAME = AppIcon;
				ASSETCATALOG_COMPILER_GLOBAL_ACCENT_COLOR_NAME = AccentColor;
				CODE_SIGN_IDENTITY = "Apple Development";
				CODE_SIGN_STYLE = Automatic;
				CURRENT_PROJECT_VERSION = 1;
				DEVELOPMENT_TEAM = HY5HVV22ZQ;
				GENERATE_INFOPLIST_FILE = YES;
				INFOPLIST_FILE = CardFortress/Info.plist;
				INFOPLIST_KEY_UIApplicationSupportsIndirectInputEvents = YES;
				INFOPLIST_KEY_UILaunchStoryboardName = LaunchScreen;
				INFOPLIST_KEY_UIMainStoryboardFile = "";
				INFOPLIST_KEY_UISupportedInterfaceOrientations_iPad = "UIInterfaceOrientationPortrait UIInterfaceOrientationPortraitUpsideDown UIInterfaceOrientationLandscapeLeft UIInterfaceOrientationLandscapeRight";
				INFOPLIST_KEY_UISupportedInterfaceOrientations_iPhone = "UIInterfaceOrientationPortrait UIInterfaceOrientationLandscapeLeft UIInterfaceOrientationLandscapeRight";
				IPHONEOS_DEPLOYMENT_TARGET = 15.0;
				LD_RUNPATH_SEARCH_PATHS = (
					"$(inherited)",
					"@executable_path/Frameworks",
				);
				MARKETING_VERSION = 1.0;
				PRODUCT_BUNDLE_IDENTIFIER = com.robertios.CardFortress.secureStore;
				PRODUCT_NAME = "$(TARGET_NAME)";
				PROVISIONING_PROFILE_SPECIFIER = "";
				SWIFT_EMIT_LOC_STRINGS = YES;
				SWIFT_VERSION = 5.0;
				TARGETED_DEVICE_FAMILY = "1,2";
			};
			name = Debug;
		};
		26B7703D29EC450400CC9FEB /* Release */ = {
			isa = XCBuildConfiguration;
			buildSettings = {
				ASSETCATALOG_COMPILER_APPICON_NAME = AppIcon;
				ASSETCATALOG_COMPILER_GLOBAL_ACCENT_COLOR_NAME = AccentColor;
				CODE_SIGN_IDENTITY = "Apple Development";
				CODE_SIGN_STYLE = Automatic;
				CURRENT_PROJECT_VERSION = 1;
				DEVELOPMENT_TEAM = HY5HVV22ZQ;
				GENERATE_INFOPLIST_FILE = YES;
				INFOPLIST_FILE = CardFortress/Info.plist;
				INFOPLIST_KEY_UIApplicationSupportsIndirectInputEvents = YES;
				INFOPLIST_KEY_UILaunchStoryboardName = LaunchScreen;
				INFOPLIST_KEY_UIMainStoryboardFile = "";
				INFOPLIST_KEY_UISupportedInterfaceOrientations_iPad = "UIInterfaceOrientationPortrait UIInterfaceOrientationPortraitUpsideDown UIInterfaceOrientationLandscapeLeft UIInterfaceOrientationLandscapeRight";
				INFOPLIST_KEY_UISupportedInterfaceOrientations_iPhone = "UIInterfaceOrientationPortrait UIInterfaceOrientationLandscapeLeft UIInterfaceOrientationLandscapeRight";
				IPHONEOS_DEPLOYMENT_TARGET = 15.0;
				LD_RUNPATH_SEARCH_PATHS = (
					"$(inherited)",
					"@executable_path/Frameworks",
				);
				MARKETING_VERSION = 1.0;
				PRODUCT_BUNDLE_IDENTIFIER = com.robertios.CardFortress.secureStore;
				PRODUCT_NAME = "$(TARGET_NAME)";
				PROVISIONING_PROFILE_SPECIFIER = "";
				SWIFT_EMIT_LOC_STRINGS = YES;
				SWIFT_VERSION = 5.0;
				TARGETED_DEVICE_FAMILY = "1,2";
			};
			name = Release;
		};
		26B7703F29EC450400CC9FEB /* Debug */ = {
			isa = XCBuildConfiguration;
			buildSettings = {
				ALWAYS_EMBED_SWIFT_STANDARD_LIBRARIES = YES;
				BUNDLE_LOADER = "$(TEST_HOST)";
				CODE_SIGN_STYLE = Automatic;
				CURRENT_PROJECT_VERSION = 1;
				DEVELOPMENT_TEAM = 3WNZJM4GTR;
				GENERATE_INFOPLIST_FILE = YES;
				IPHONEOS_DEPLOYMENT_TARGET = 15.0;
				MARKETING_VERSION = 1.0;
				PRODUCT_BUNDLE_IDENTIFIER = com.robertios.CardFortressTests;
				PRODUCT_NAME = "$(TARGET_NAME)";
				SWIFT_EMIT_LOC_STRINGS = NO;
				SWIFT_VERSION = 5.0;
				TARGETED_DEVICE_FAMILY = "1,2";
				TEST_HOST = "$(BUILT_PRODUCTS_DIR)/CardFortress.app/$(BUNDLE_EXECUTABLE_FOLDER_PATH)/CardFortress";
			};
			name = Debug;
		};
		26B7704029EC450400CC9FEB /* Release */ = {
			isa = XCBuildConfiguration;
			buildSettings = {
				ALWAYS_EMBED_SWIFT_STANDARD_LIBRARIES = YES;
				BUNDLE_LOADER = "$(TEST_HOST)";
				CODE_SIGN_STYLE = Automatic;
				CURRENT_PROJECT_VERSION = 1;
				DEVELOPMENT_TEAM = 3WNZJM4GTR;
				GENERATE_INFOPLIST_FILE = YES;
				IPHONEOS_DEPLOYMENT_TARGET = 15.0;
				MARKETING_VERSION = 1.0;
				PRODUCT_BUNDLE_IDENTIFIER = com.robertios.CardFortressTests;
				PRODUCT_NAME = "$(TARGET_NAME)";
				SWIFT_EMIT_LOC_STRINGS = NO;
				SWIFT_VERSION = 5.0;
				TARGETED_DEVICE_FAMILY = "1,2";
				TEST_HOST = "$(BUILT_PRODUCTS_DIR)/CardFortress.app/$(BUNDLE_EXECUTABLE_FOLDER_PATH)/CardFortress";
			};
			name = Release;
		};
		26B7704229EC450400CC9FEB /* Debug */ = {
			isa = XCBuildConfiguration;
			buildSettings = {
				ALWAYS_EMBED_SWIFT_STANDARD_LIBRARIES = YES;
				CODE_SIGN_STYLE = Automatic;
				CURRENT_PROJECT_VERSION = 1;
				DEVELOPMENT_TEAM = 3WNZJM4GTR;
				GENERATE_INFOPLIST_FILE = YES;
				IPHONEOS_DEPLOYMENT_TARGET = 15.0;
				MARKETING_VERSION = 1.0;
				PRODUCT_BUNDLE_IDENTIFIER = com.robertios.CardFortressUITests;
				PRODUCT_NAME = "$(TARGET_NAME)";
				SWIFT_EMIT_LOC_STRINGS = NO;
				SWIFT_VERSION = 5.0;
				TARGETED_DEVICE_FAMILY = "1,2";
				TEST_TARGET_NAME = CardFortress;
			};
			name = Debug;
		};
		26B7704329EC450400CC9FEB /* Release */ = {
			isa = XCBuildConfiguration;
			buildSettings = {
				ALWAYS_EMBED_SWIFT_STANDARD_LIBRARIES = YES;
				CODE_SIGN_STYLE = Automatic;
				CURRENT_PROJECT_VERSION = 1;
				DEVELOPMENT_TEAM = 3WNZJM4GTR;
				GENERATE_INFOPLIST_FILE = YES;
				IPHONEOS_DEPLOYMENT_TARGET = 15.0;
				MARKETING_VERSION = 1.0;
				PRODUCT_BUNDLE_IDENTIFIER = com.robertios.CardFortressUITests;
				PRODUCT_NAME = "$(TARGET_NAME)";
				SWIFT_EMIT_LOC_STRINGS = NO;
				SWIFT_VERSION = 5.0;
				TARGETED_DEVICE_FAMILY = "1,2";
				TEST_TARGET_NAME = CardFortress;
			};
			name = Release;
		};
/* End XCBuildConfiguration section */

/* Begin XCConfigurationList section */
		26B7700C29EC450200CC9FEB /* Build configuration list for PBXProject "CardFortress" */ = {
			isa = XCConfigurationList;
			buildConfigurations = (
				26B7703929EC450400CC9FEB /* Debug */,
				26B7703A29EC450400CC9FEB /* Release */,
			);
			defaultConfigurationIsVisible = 0;
			defaultConfigurationName = Release;
		};
		26B7703B29EC450400CC9FEB /* Build configuration list for PBXNativeTarget "CardFortress" */ = {
			isa = XCConfigurationList;
			buildConfigurations = (
				26B7703C29EC450400CC9FEB /* Debug */,
				26B7703D29EC450400CC9FEB /* Release */,
			);
			defaultConfigurationIsVisible = 0;
			defaultConfigurationName = Release;
		};
		26B7703E29EC450400CC9FEB /* Build configuration list for PBXNativeTarget "CardFortressTests" */ = {
			isa = XCConfigurationList;
			buildConfigurations = (
				26B7703F29EC450400CC9FEB /* Debug */,
				26B7704029EC450400CC9FEB /* Release */,
			);
			defaultConfigurationIsVisible = 0;
			defaultConfigurationName = Release;
		};
		26B7704129EC450400CC9FEB /* Build configuration list for PBXNativeTarget "CardFortressUITests" */ = {
			isa = XCConfigurationList;
			buildConfigurations = (
				26B7704229EC450400CC9FEB /* Debug */,
				26B7704329EC450400CC9FEB /* Release */,
			);
			defaultConfigurationIsVisible = 0;
			defaultConfigurationName = Release;
		};
/* End XCConfigurationList section */

/* Begin XCRemoteSwiftPackageReference section */
		2655DFBB2A059158003EFDA2 /* XCRemoteSwiftPackageReference "CreditCardValidator" */ = {
			isa = XCRemoteSwiftPackageReference;
			repositoryURL = "https://github.com/RobertiOS/CreditCardValidator";
			requirement = {
				branch = master;
				kind = branch;
			};
		};
		26921EAA2A6641BE00DA1313 /* XCRemoteSwiftPackageReference "SnackBar" */ = {
			isa = XCRemoteSwiftPackageReference;
			repositoryURL = "https://github.com/ahmedAlmasri/SnackBar.swift";
			requirement = {
				kind = upToNextMajorVersion;
				minimumVersion = 0.1.2;
			};
		};
		26D09A612A68FB3C00B9D885 /* XCRemoteSwiftPackageReference "firebase-ios-sdk" */ = {
			isa = XCRemoteSwiftPackageReference;
			repositoryURL = "https://github.com/firebase/firebase-ios-sdk";
			requirement = {
				kind = upToNextMajorVersion;
				minimumVersion = 9.0.0;
			};
		};
		26DF384429F0CC19007091C3 /* XCRemoteSwiftPackageReference "Swinject" */ = {
			isa = XCRemoteSwiftPackageReference;
			repositoryURL = "https://github.com/Swinject/Swinject.git";
			requirement = {
				kind = exactVersion;
				version = 2.8.3;
			};
		};
/* End XCRemoteSwiftPackageReference section */

/* Begin XCSwiftPackageProductDependency section */
		2655DFBC2A059158003EFDA2 /* CreditCardValidator */ = {
			isa = XCSwiftPackageProductDependency;
			package = 2655DFBB2A059158003EFDA2 /* XCRemoteSwiftPackageReference "CreditCardValidator" */;
			productName = CreditCardValidator;
		};
		26921EAB2A6641BE00DA1313 /* SnackBar */ = {
			isa = XCSwiftPackageProductDependency;
			package = 26921EAA2A6641BE00DA1313 /* XCRemoteSwiftPackageReference "SnackBar" */;
			productName = SnackBar;
		};
		26D09A622A68FB3C00B9D885 /* FirebaseAnalytics */ = {
			isa = XCSwiftPackageProductDependency;
			package = 26D09A612A68FB3C00B9D885 /* XCRemoteSwiftPackageReference "firebase-ios-sdk" */;
			productName = FirebaseAnalytics;
		};
		26D09A642A68FB3C00B9D885 /* FirebaseAuth */ = {
			isa = XCSwiftPackageProductDependency;
			package = 26D09A612A68FB3C00B9D885 /* XCRemoteSwiftPackageReference "firebase-ios-sdk" */;
			productName = FirebaseAuth;
		};
		26DF384529F0CC19007091C3 /* Swinject */ = {
			isa = XCSwiftPackageProductDependency;
			package = 26DF384429F0CC19007091C3 /* XCRemoteSwiftPackageReference "Swinject" */;
			productName = Swinject;
		};
/* End XCSwiftPackageProductDependency section */
	};
	rootObject = 26B7700929EC450200CC9FEB /* Project object */;
}
