// !$*UTF8*$!
{
	archiveVersion = 1;
	classes = {
	};
	objectVersion = 56;
	objects = {

/* Begin PBXBuildFile section */
		26B381B529EC575900D0CCD8 /* Coordinator.swift in Sources */ = {isa = PBXBuildFile; fileRef = 26B381B429EC575900D0CCD8 /* Coordinator.swift */; };
		26B381B729EC581D00D0CCD8 /* CardFortressRootCoordinator.swift in Sources */ = {isa = PBXBuildFile; fileRef = 26B381B629EC581D00D0CCD8 /* CardFortressRootCoordinator.swift */; };
		26B38C1029ECC03200D0CCD8 /* ListViewModel.swift in Sources */ = {isa = PBXBuildFile; fileRef = 26B38C0F29ECC03200D0CCD8 /* ListViewModel.swift */; };
		26B38C1229ECC22100D0CCD8 /* MainCoordinator.swift in Sources */ = {isa = PBXBuildFile; fileRef = 26B38C1129ECC22100D0CCD8 /* MainCoordinator.swift */; };
		26B38C1C29ECF70C00D0CCD8 /* LocalizableString.swift in Sources */ = {isa = PBXBuildFile; fileRef = 26B38C1B29ECF70C00D0CCD8 /* LocalizableString.swift */; };
		26B38C2629ECF9EC00D0CCD8 /* Localizable.strings in Resources */ = {isa = PBXBuildFile; fileRef = 26B38C2429ECF9EC00D0CCD8 /* Localizable.strings */; };
		26B7701529EC450200CC9FEB /* AppDelegate.swift in Sources */ = {isa = PBXBuildFile; fileRef = 26B7701429EC450200CC9FEB /* AppDelegate.swift */; };
		26B7701729EC450200CC9FEB /* SceneDelegate.swift in Sources */ = {isa = PBXBuildFile; fileRef = 26B7701629EC450200CC9FEB /* SceneDelegate.swift */; };
		26B7701929EC450200CC9FEB /* CardListViewController.swift in Sources */ = {isa = PBXBuildFile; fileRef = 26B7701829EC450200CC9FEB /* CardListViewController.swift */; };
		26B7701E29EC450400CC9FEB /* Assets.xcassets in Resources */ = {isa = PBXBuildFile; fileRef = 26B7701D29EC450400CC9FEB /* Assets.xcassets */; };
		26B7702129EC450400CC9FEB /* LaunchScreen.storyboard in Resources */ = {isa = PBXBuildFile; fileRef = 26B7701F29EC450400CC9FEB /* LaunchScreen.storyboard */; };
		26B7703629EC450400CC9FEB /* CardFortressUITests.swift in Sources */ = {isa = PBXBuildFile; fileRef = 26B7703529EC450400CC9FEB /* CardFortressUITests.swift */; };
		26B7703829EC450400CC9FEB /* CardFortressUITestsLaunchTests.swift in Sources */ = {isa = PBXBuildFile; fileRef = 26B7703729EC450400CC9FEB /* CardFortressUITestsLaunchTests.swift */; };
		26C4628729F379CF000B06A7 /* CoordinatorTests.swift in Sources */ = {isa = PBXBuildFile; fileRef = 26C4628629F379CF000B06A7 /* CoordinatorTests.swift */; };
		26C462BA29F63E3F000B06A7 /* CardCollectionViewCellTest.swift in Sources */ = {isa = PBXBuildFile; fileRef = 26C462B929F63E3F000B06A7 /* CardCollectionViewCellTest.swift */; };
		26DF384629F0CC19007091C3 /* Swinject in Frameworks */ = {isa = PBXBuildFile; productRef = 26DF384529F0CC19007091C3 /* Swinject */; };
		26DF384829F0D4BA007091C3 /* SceneDelegate+Setup.swift in Sources */ = {isa = PBXBuildFile; fileRef = 26DF384729F0D4BA007091C3 /* SceneDelegate+Setup.swift */; };
		26DF384B29F0EAB3007091C3 /* CardCollectionViewCell.swift in Sources */ = {isa = PBXBuildFile; fileRef = 26DF384A29F0EAB3007091C3 /* CardCollectionViewCell.swift */; };
		26F0945329F74045009B0494 /* CardListViewControllerTests.swift in Sources */ = {isa = PBXBuildFile; fileRef = 26F0945229F74045009B0494 /* CardListViewControllerTests.swift */; };
		26F0945529F7978E009B0494 /* NavigationCoordinator.swift in Sources */ = {isa = PBXBuildFile; fileRef = 26F0945429F7978E009B0494 /* NavigationCoordinator.swift */; };
/* End PBXBuildFile section */

/* Begin PBXContainerItemProxy section */
		26B7702829EC450400CC9FEB /* PBXContainerItemProxy */ = {
			isa = PBXContainerItemProxy;
			containerPortal = 26B7700929EC450200CC9FEB /* Project object */;
			proxyType = 1;
			remoteGlobalIDString = 26B7701029EC450200CC9FEB;
			remoteInfo = CardFortress;
		};
		26B7703229EC450400CC9FEB /* PBXContainerItemProxy */ = {
			isa = PBXContainerItemProxy;
			containerPortal = 26B7700929EC450200CC9FEB /* Project object */;
			proxyType = 1;
			remoteGlobalIDString = 26B7701029EC450200CC9FEB;
			remoteInfo = CardFortress;
		};
/* End PBXContainerItemProxy section */

/* Begin PBXFileReference section */
		26B381B429EC575900D0CCD8 /* Coordinator.swift */ = {isa = PBXFileReference; lastKnownFileType = sourcecode.swift; path = Coordinator.swift; sourceTree = "<group>"; };
		26B381B629EC581D00D0CCD8 /* CardFortressRootCoordinator.swift */ = {isa = PBXFileReference; lastKnownFileType = sourcecode.swift; path = CardFortressRootCoordinator.swift; sourceTree = "<group>"; };
		26B38C0F29ECC03200D0CCD8 /* ListViewModel.swift */ = {isa = PBXFileReference; lastKnownFileType = sourcecode.swift; path = ListViewModel.swift; sourceTree = "<group>"; };
		26B38C1129ECC22100D0CCD8 /* MainCoordinator.swift */ = {isa = PBXFileReference; lastKnownFileType = sourcecode.swift; path = MainCoordinator.swift; sourceTree = "<group>"; };
		26B38C1B29ECF70C00D0CCD8 /* LocalizableString.swift */ = {isa = PBXFileReference; lastKnownFileType = sourcecode.swift; path = LocalizableString.swift; sourceTree = "<group>"; };
		26B38C2529ECF9EC00D0CCD8 /* en */ = {isa = PBXFileReference; lastKnownFileType = text.plist.strings; name = en; path = Localizable.strings; sourceTree = "<group>"; };
		26B7701129EC450200CC9FEB /* CardFortress.app */ = {isa = PBXFileReference; explicitFileType = wrapper.application; includeInIndex = 0; path = CardFortress.app; sourceTree = BUILT_PRODUCTS_DIR; };
		26B7701429EC450200CC9FEB /* AppDelegate.swift */ = {isa = PBXFileReference; lastKnownFileType = sourcecode.swift; path = AppDelegate.swift; sourceTree = "<group>"; };
		26B7701629EC450200CC9FEB /* SceneDelegate.swift */ = {isa = PBXFileReference; lastKnownFileType = sourcecode.swift; path = SceneDelegate.swift; sourceTree = "<group>"; };
		26B7701829EC450200CC9FEB /* CardListViewController.swift */ = {isa = PBXFileReference; lastKnownFileType = sourcecode.swift; path = CardListViewController.swift; sourceTree = "<group>"; };
		26B7701D29EC450400CC9FEB /* Assets.xcassets */ = {isa = PBXFileReference; lastKnownFileType = folder.assetcatalog; path = Assets.xcassets; sourceTree = "<group>"; };
		26B7702029EC450400CC9FEB /* Base */ = {isa = PBXFileReference; lastKnownFileType = file.storyboard; name = Base; path = Base.lproj/LaunchScreen.storyboard; sourceTree = "<group>"; };
		26B7702229EC450400CC9FEB /* Info.plist */ = {isa = PBXFileReference; lastKnownFileType = text.plist.xml; path = Info.plist; sourceTree = "<group>"; };
		26B7702729EC450400CC9FEB /* CardFortressTests.xctest */ = {isa = PBXFileReference; explicitFileType = wrapper.cfbundle; includeInIndex = 0; path = CardFortressTests.xctest; sourceTree = BUILT_PRODUCTS_DIR; };
		26B7703129EC450400CC9FEB /* CardFortressUITests.xctest */ = {isa = PBXFileReference; explicitFileType = wrapper.cfbundle; includeInIndex = 0; path = CardFortressUITests.xctest; sourceTree = BUILT_PRODUCTS_DIR; };
		26B7703529EC450400CC9FEB /* CardFortressUITests.swift */ = {isa = PBXFileReference; lastKnownFileType = sourcecode.swift; path = CardFortressUITests.swift; sourceTree = "<group>"; };
		26B7703729EC450400CC9FEB /* CardFortressUITestsLaunchTests.swift */ = {isa = PBXFileReference; lastKnownFileType = sourcecode.swift; path = CardFortressUITestsLaunchTests.swift; sourceTree = "<group>"; };
		26C4628629F379CF000B06A7 /* CoordinatorTests.swift */ = {isa = PBXFileReference; lastKnownFileType = sourcecode.swift; path = CoordinatorTests.swift; sourceTree = "<group>"; };
		26C462B929F63E3F000B06A7 /* CardCollectionViewCellTest.swift */ = {isa = PBXFileReference; lastKnownFileType = sourcecode.swift; path = CardCollectionViewCellTest.swift; sourceTree = "<group>"; };
		26C462BB29F647B1000B06A7 /* CardFortress.xctestplan */ = {isa = PBXFileReference; lastKnownFileType = text; path = CardFortress.xctestplan; sourceTree = "<group>"; };
		26DF384729F0D4BA007091C3 /* SceneDelegate+Setup.swift */ = {isa = PBXFileReference; lastKnownFileType = sourcecode.swift; path = "SceneDelegate+Setup.swift"; sourceTree = "<group>"; };
		26DF384A29F0EAB3007091C3 /* CardCollectionViewCell.swift */ = {isa = PBXFileReference; lastKnownFileType = sourcecode.swift; path = CardCollectionViewCell.swift; sourceTree = "<group>"; };
		26F0945229F74045009B0494 /* CardListViewControllerTests.swift */ = {isa = PBXFileReference; lastKnownFileType = sourcecode.swift; path = CardListViewControllerTests.swift; sourceTree = "<group>"; };
		26F0945429F7978E009B0494 /* NavigationCoordinator.swift */ = {isa = PBXFileReference; lastKnownFileType = sourcecode.swift; path = NavigationCoordinator.swift; sourceTree = "<group>"; };
/* End PBXFileReference section */

/* Begin PBXFrameworksBuildPhase section */
		26B7700E29EC450200CC9FEB /* Frameworks */ = {
			isa = PBXFrameworksBuildPhase;
			buildActionMask = 2147483647;
			files = (
				26DF384629F0CC19007091C3 /* Swinject in Frameworks */,
			);
			runOnlyForDeploymentPostprocessing = 0;
		};
		26B7702429EC450400CC9FEB /* Frameworks */ = {
			isa = PBXFrameworksBuildPhase;
			buildActionMask = 2147483647;
			files = (
			);
			runOnlyForDeploymentPostprocessing = 0;
		};
		26B7702E29EC450400CC9FEB /* Frameworks */ = {
			isa = PBXFrameworksBuildPhase;
			buildActionMask = 2147483647;
			files = (
			);
			runOnlyForDeploymentPostprocessing = 0;
		};
/* End PBXFrameworksBuildPhase section */

/* Begin PBXGroup section */
		26B38C0D29ECC00C00D0CCD8 /* Modules */ = {
			isa = PBXGroup;
			children = (
				26B38C0E29ECC01A00D0CCD8 /* Main */,
			);
			path = Modules;
			sourceTree = "<group>";
		};
		26B38C0E29ECC01A00D0CCD8 /* Main */ = {
			isa = PBXGroup;
			children = (
				26DF384929F0EA9B007091C3 /* Views */,
				26B38C0F29ECC03200D0CCD8 /* ListViewModel.swift */,
				26B38C1129ECC22100D0CCD8 /* MainCoordinator.swift */,
			);
			path = Main;
			sourceTree = "<group>";
		};
		26B38C1329ECECEF00D0CCD8 /* Helpers */ = {
			isa = PBXGroup;
			children = (
				26F0945629F7979C009B0494 /* Coordinator */,
				26B38C1A29ECF66000D0CCD8 /* LocalizableString */,
				26B38C1929ECF65300D0CCD8 /* Protocols */,
			);
			path = Helpers;
			sourceTree = "<group>";
		};
		26B38C1929ECF65300D0CCD8 /* Protocols */ = {
			isa = PBXGroup;
			children = (
				26F0945429F7978E009B0494 /* NavigationCoordinator.swift */,
			);
			path = Protocols;
			sourceTree = "<group>";
		};
		26B38C1A29ECF66000D0CCD8 /* LocalizableString */ = {
			isa = PBXGroup;
			children = (
				26B38C2329ECF9EC00D0CCD8 /* en.lproj */,
				26B38C1B29ECF70C00D0CCD8 /* LocalizableString.swift */,
			);
			path = LocalizableString;
			sourceTree = "<group>";
		};
		26B38C1D29ECF80500D0CCD8 /* CardFortressApp */ = {
			isa = PBXGroup;
			children = (
				26B7701429EC450200CC9FEB /* AppDelegate.swift */,
				26B381B629EC581D00D0CCD8 /* CardFortressRootCoordinator.swift */,
				26B7701629EC450200CC9FEB /* SceneDelegate.swift */,
				26DF384729F0D4BA007091C3 /* SceneDelegate+Setup.swift */,
			);
			path = CardFortressApp;
			sourceTree = "<group>";
		};
		26B38C2329ECF9EC00D0CCD8 /* en.lproj */ = {
			isa = PBXGroup;
			children = (
				26B38C2429ECF9EC00D0CCD8 /* Localizable.strings */,
			);
			path = en.lproj;
			sourceTree = "<group>";
		};
		26B7700829EC450200CC9FEB = {
			isa = PBXGroup;
			children = (
				26B7701329EC450200CC9FEB /* CardFortress */,
				26B7702A29EC450400CC9FEB /* CardFortressTests */,
				26B7703429EC450400CC9FEB /* CardFortressUITests */,
				26B7701229EC450200CC9FEB /* Products */,
			);
			sourceTree = "<group>";
		};
		26B7701229EC450200CC9FEB /* Products */ = {
			isa = PBXGroup;
			children = (
				26B7701129EC450200CC9FEB /* CardFortress.app */,
				26B7702729EC450400CC9FEB /* CardFortressTests.xctest */,
				26B7703129EC450400CC9FEB /* CardFortressUITests.xctest */,
			);
			name = Products;
			sourceTree = "<group>";
		};
		26B7701329EC450200CC9FEB /* CardFortress */ = {
			isa = PBXGroup;
			children = (
				26B38C1329ECECEF00D0CCD8 /* Helpers */,
				26B38C0D29ECC00C00D0CCD8 /* Modules */,
				26B38C1D29ECF80500D0CCD8 /* CardFortressApp */,
				26B7701D29EC450400CC9FEB /* Assets.xcassets */,
				26B7701F29EC450400CC9FEB /* LaunchScreen.storyboard */,
				26B7702229EC450400CC9FEB /* Info.plist */,
			);
			path = CardFortress;
			sourceTree = "<group>";
		};
		26B7702A29EC450400CC9FEB /* CardFortressTests */ = {
			isa = PBXGroup;
			children = (
				26C462BB29F647B1000B06A7 /* CardFortress.xctestplan */,
				26C4628629F379CF000B06A7 /* CoordinatorTests.swift */,
				26C462B929F63E3F000B06A7 /* CardCollectionViewCellTest.swift */,
				26F0945229F74045009B0494 /* CardListViewControllerTests.swift */,
			);
			path = CardFortressTests;
			sourceTree = "<group>";
		};
		26B7703429EC450400CC9FEB /* CardFortressUITests */ = {
			isa = PBXGroup;
			children = (
				26B7703529EC450400CC9FEB /* CardFortressUITests.swift */,
				26B7703729EC450400CC9FEB /* CardFortressUITestsLaunchTests.swift */,
			);
			path = CardFortressUITests;
			sourceTree = "<group>";
		};
		26DF384929F0EA9B007091C3 /* Views */ = {
			isa = PBXGroup;
			children = (
				26B7701829EC450200CC9FEB /* CardListViewController.swift */,
				26DF384A29F0EAB3007091C3 /* CardCollectionViewCell.swift */,
			);
			path = Views;
			sourceTree = "<group>";
		};
		26F0945629F7979C009B0494 /* Coordinator */ = {
			isa = PBXGroup;
			children = (
				26B381B429EC575900D0CCD8 /* Coordinator.swift */,
			);
			path = Coordinator;
			sourceTree = "<group>";
		};
/* End PBXGroup section */

/* Begin PBXNativeTarget section */
		26B7701029EC450200CC9FEB /* CardFortress */ = {
			isa = PBXNativeTarget;
			buildConfigurationList = 26B7703B29EC450400CC9FEB /* Build configuration list for PBXNativeTarget "CardFortress" */;
			buildPhases = (
				26B7700D29EC450200CC9FEB /* Sources */,
				26B7700E29EC450200CC9FEB /* Frameworks */,
				26B7700F29EC450200CC9FEB /* Resources */,
			);
			buildRules = (
			);
			dependencies = (
			);
			name = CardFortress;
			packageProductDependencies = (
				26DF384529F0CC19007091C3 /* Swinject */,
			);
			productName = CardFortress;
			productReference = 26B7701129EC450200CC9FEB /* CardFortress.app */;
			productType = "com.apple.product-type.application";
		};
		26B7702629EC450400CC9FEB /* CardFortressTests */ = {
			isa = PBXNativeTarget;
			buildConfigurationList = 26B7703E29EC450400CC9FEB /* Build configuration list for PBXNativeTarget "CardFortressTests" */;
			buildPhases = (
				26B7702329EC450400CC9FEB /* Sources */,
				26B7702429EC450400CC9FEB /* Frameworks */,
				26B7702529EC450400CC9FEB /* Resources */,
			);
			buildRules = (
			);
			dependencies = (
				26B7702929EC450400CC9FEB /* PBXTargetDependency */,
			);
			name = CardFortressTests;
			productName = CardFortressTests;
			productReference = 26B7702729EC450400CC9FEB /* CardFortressTests.xctest */;
			productType = "com.apple.product-type.bundle.unit-test";
		};
		26B7703029EC450400CC9FEB /* CardFortressUITests */ = {
			isa = PBXNativeTarget;
			buildConfigurationList = 26B7704129EC450400CC9FEB /* Build configuration list for PBXNativeTarget "CardFortressUITests" */;
			buildPhases = (
				26B7702D29EC450400CC9FEB /* Sources */,
				26B7702E29EC450400CC9FEB /* Frameworks */,
				26B7702F29EC450400CC9FEB /* Resources */,
			);
			buildRules = (
			);
			dependencies = (
				26B7703329EC450400CC9FEB /* PBXTargetDependency */,
			);
			name = CardFortressUITests;
			productName = CardFortressUITests;
			productReference = 26B7703129EC450400CC9FEB /* CardFortressUITests.xctest */;
			productType = "com.apple.product-type.bundle.ui-testing";
		};
/* End PBXNativeTarget section */

/* Begin PBXProject section */
		26B7700929EC450200CC9FEB /* Project object */ = {
			isa = PBXProject;
			attributes = {
				BuildIndependentTargetsInParallel = 1;
				LastSwiftUpdateCheck = 1410;
				LastUpgradeCheck = 1410;
				TargetAttributes = {
					26B7701029EC450200CC9FEB = {
						CreatedOnToolsVersion = 14.1;
					};
					26B7702629EC450400CC9FEB = {
						CreatedOnToolsVersion = 14.1;
						TestTargetID = 26B7701029EC450200CC9FEB;
					};
					26B7703029EC450400CC9FEB = {
						CreatedOnToolsVersion = 14.1;
						TestTargetID = 26B7701029EC450200CC9FEB;
					};
				};
			};
			buildConfigurationList = 26B7700C29EC450200CC9FEB /* Build configuration list for PBXProject "CardFortress" */;
			compatibilityVersion = "Xcode 14.0";
			developmentRegion = en;
			hasScannedForEncodings = 0;
			knownRegions = (
				en,
				Base,
			);
			mainGroup = 26B7700829EC450200CC9FEB;
			packageReferences = (
				26DF384429F0CC19007091C3 /* XCRemoteSwiftPackageReference "Swinject" */,
			);
			productRefGroup = 26B7701229EC450200CC9FEB /* Products */;
			projectDirPath = "";
			projectRoot = "";
			targets = (
				26B7701029EC450200CC9FEB /* CardFortress */,
				26B7702629EC450400CC9FEB /* CardFortressTests */,
				26B7703029EC450400CC9FEB /* CardFortressUITests */,
			);
		};
/* End PBXProject section */

/* Begin PBXResourcesBuildPhase section */
		26B7700F29EC450200CC9FEB /* Resources */ = {
			isa = PBXResourcesBuildPhase;
			buildActionMask = 2147483647;
			files = (
				26B7702129EC450400CC9FEB /* LaunchScreen.storyboard in Resources */,
				26B7701E29EC450400CC9FEB /* Assets.xcassets in Resources */,
				26B38C2629ECF9EC00D0CCD8 /* Localizable.strings in Resources */,
			);
			runOnlyForDeploymentPostprocessing = 0;
		};
		26B7702529EC450400CC9FEB /* Resources */ = {
			isa = PBXResourcesBuildPhase;
			buildActionMask = 2147483647;
			files = (
			);
			runOnlyForDeploymentPostprocessing = 0;
		};
		26B7702F29EC450400CC9FEB /* Resources */ = {
			isa = PBXResourcesBuildPhase;
			buildActionMask = 2147483647;
			files = (
			);
			runOnlyForDeploymentPostprocessing = 0;
		};
/* End PBXResourcesBuildPhase section */

/* Begin PBXSourcesBuildPhase section */
		26B7700D29EC450200CC9FEB /* Sources */ = {
			isa = PBXSourcesBuildPhase;
			buildActionMask = 2147483647;
			files = (
				26B381B529EC575900D0CCD8 /* Coordinator.swift in Sources */,
				26B7701929EC450200CC9FEB /* CardListViewController.swift in Sources */,
				26B381B729EC581D00D0CCD8 /* CardFortressRootCoordinator.swift in Sources */,
				26DF384B29F0EAB3007091C3 /* CardCollectionViewCell.swift in Sources */,
				26F0945529F7978E009B0494 /* NavigationCoordinator.swift in Sources */,
				26B38C1C29ECF70C00D0CCD8 /* LocalizableString.swift in Sources */,
				26B38C1229ECC22100D0CCD8 /* MainCoordinator.swift in Sources */,
				26B38C1029ECC03200D0CCD8 /* ListViewModel.swift in Sources */,
				26B7701529EC450200CC9FEB /* AppDelegate.swift in Sources */,
				26B7701729EC450200CC9FEB /* SceneDelegate.swift in Sources */,
				26DF384829F0D4BA007091C3 /* SceneDelegate+Setup.swift in Sources */,
			);
			runOnlyForDeploymentPostprocessing = 0;
		};
		26B7702329EC450400CC9FEB /* Sources */ = {
			isa = PBXSourcesBuildPhase;
			buildActionMask = 2147483647;
			files = (
				26C462BA29F63E3F000B06A7 /* CardCollectionViewCellTest.swift in Sources */,
				26C4628729F379CF000B06A7 /* CoordinatorTests.swift in Sources */,
				26F0945329F74045009B0494 /* CardListViewControllerTests.swift in Sources */,
			);
			runOnlyForDeploymentPostprocessing = 0;
		};
		26B7702D29EC450400CC9FEB /* Sources */ = {
			isa = PBXSourcesBuildPhase;
			buildActionMask = 2147483647;
			files = (
				26B7703829EC450400CC9FEB /* CardFortressUITestsLaunchTests.swift in Sources */,
				26B7703629EC450400CC9FEB /* CardFortressUITests.swift in Sources */,
			);
			runOnlyForDeploymentPostprocessing = 0;
		};
/* End PBXSourcesBuildPhase section */

/* Begin PBXTargetDependency section */
		26B7702929EC450400CC9FEB /* PBXTargetDependency */ = {
			isa = PBXTargetDependency;
			target = 26B7701029EC450200CC9FEB /* CardFortress */;
			targetProxy = 26B7702829EC450400CC9FEB /* PBXContainerItemProxy */;
		};
		26B7703329EC450400CC9FEB /* PBXTargetDependency */ = {
			isa = PBXTargetDependency;
			target = 26B7701029EC450200CC9FEB /* CardFortress */;
			targetProxy = 26B7703229EC450400CC9FEB /* PBXContainerItemProxy */;
		};
/* End PBXTargetDependency section */

/* Begin PBXVariantGroup section */
		26B38C2429ECF9EC00D0CCD8 /* Localizable.strings */ = {
			isa = PBXVariantGroup;
			children = (
				26B38C2529ECF9EC00D0CCD8 /* en */,
			);
			name = Localizable.strings;
			sourceTree = "<group>";
		};
		26B7701F29EC450400CC9FEB /* LaunchScreen.storyboard */ = {
			isa = PBXVariantGroup;
			children = (
				26B7702029EC450400CC9FEB /* Base */,
			);
			name = LaunchScreen.storyboard;
			sourceTree = "<group>";
		};
/* End PBXVariantGroup section */

/* Begin XCBuildConfiguration section */
		26B7703929EC450400CC9FEB /* Debug */ = {
			isa = XCBuildConfiguration;
			buildSettings = {
				ALWAYS_SEARCH_USER_PATHS = NO;
				CLANG_ANALYZER_NONNULL = YES;
				CLANG_ANALYZER_NUMBER_OBJECT_CONVERSION = YES_AGGRESSIVE;
				CLANG_CXX_LANGUAGE_STANDARD = "gnu++20";
				CLANG_ENABLE_MODULES = YES;
				CLANG_ENABLE_OBJC_ARC = YES;
				CLANG_ENABLE_OBJC_WEAK = YES;
				CLANG_WARN_BLOCK_CAPTURE_AUTORELEASING = YES;
				CLANG_WARN_BOOL_CONVERSION = YES;
				CLANG_WARN_COMMA = YES;
				CLANG_WARN_CONSTANT_CONVERSION = YES;
				CLANG_WARN_DEPRECATED_OBJC_IMPLEMENTATIONS = YES;
				CLANG_WARN_DIRECT_OBJC_ISA_USAGE = YES_ERROR;
				CLANG_WARN_DOCUMENTATION_COMMENTS = YES;
				CLANG_WARN_EMPTY_BODY = YES;
				CLANG_WARN_ENUM_CONVERSION = YES;
				CLANG_WARN_INFINITE_RECURSION = YES;
				CLANG_WARN_INT_CONVERSION = YES;
				CLANG_WARN_NON_LITERAL_NULL_CONVERSION = YES;
				CLANG_WARN_OBJC_IMPLICIT_RETAIN_SELF = YES;
				CLANG_WARN_OBJC_LITERAL_CONVERSION = YES;
				CLANG_WARN_OBJC_ROOT_CLASS = YES_ERROR;
				CLANG_WARN_QUOTED_INCLUDE_IN_FRAMEWORK_HEADER = YES;
				CLANG_WARN_RANGE_LOOP_ANALYSIS = YES;
				CLANG_WARN_STRICT_PROTOTYPES = YES;
				CLANG_WARN_SUSPICIOUS_MOVE = YES;
				CLANG_WARN_UNGUARDED_AVAILABILITY = YES_AGGRESSIVE;
				CLANG_WARN_UNREACHABLE_CODE = YES;
				CLANG_WARN__DUPLICATE_METHOD_MATCH = YES;
				COPY_PHASE_STRIP = NO;
				DEBUG_INFORMATION_FORMAT = dwarf;
				ENABLE_STRICT_OBJC_MSGSEND = YES;
				ENABLE_TESTABILITY = YES;
				GCC_C_LANGUAGE_STANDARD = gnu11;
				GCC_DYNAMIC_NO_PIC = NO;
				GCC_INSTRUMENT_PROGRAM_FLOW_ARCS = YES;
				GCC_NO_COMMON_BLOCKS = YES;
				GCC_OPTIMIZATION_LEVEL = 0;
				GCC_PREPROCESSOR_DEFINITIONS = (
					"DEBUG=1",
					"$(inherited)",
				);
				GCC_WARN_64_TO_32_BIT_CONVERSION = YES;
				GCC_WARN_ABOUT_RETURN_TYPE = YES_ERROR;
				GCC_WARN_UNDECLARED_SELECTOR = YES;
				GCC_WARN_UNINITIALIZED_AUTOS = YES_AGGRESSIVE;
				GCC_WARN_UNUSED_FUNCTION = YES;
				GCC_WARN_UNUSED_VARIABLE = YES;
				IPHONEOS_DEPLOYMENT_TARGET = 16.1;
				MTL_ENABLE_DEBUG_INFO = INCLUDE_SOURCE;
				MTL_FAST_MATH = YES;
				ONLY_ACTIVE_ARCH = YES;
				SDKROOT = iphoneos;
				SWIFT_ACTIVE_COMPILATION_CONDITIONS = DEBUG;
				SWIFT_OPTIMIZATION_LEVEL = "-Onone";
			};
			name = Debug;
		};
		26B7703A29EC450400CC9FEB /* Release */ = {
			isa = XCBuildConfiguration;
			buildSettings = {
				ALWAYS_SEARCH_USER_PATHS = NO;
				CLANG_ANALYZER_NONNULL = YES;
				CLANG_ANALYZER_NUMBER_OBJECT_CONVERSION = YES_AGGRESSIVE;
				CLANG_CXX_LANGUAGE_STANDARD = "gnu++20";
				CLANG_ENABLE_MODULES = YES;
				CLANG_ENABLE_OBJC_ARC = YES;
				CLANG_ENABLE_OBJC_WEAK = YES;
				CLANG_WARN_BLOCK_CAPTURE_AUTORELEASING = YES;
				CLANG_WARN_BOOL_CONVERSION = YES;
				CLANG_WARN_COMMA = YES;
				CLANG_WARN_CONSTANT_CONVERSION = YES;
				CLANG_WARN_DEPRECATED_OBJC_IMPLEMENTATIONS = YES;
				CLANG_WARN_DIRECT_OBJC_ISA_USAGE = YES_ERROR;
				CLANG_WARN_DOCUMENTATION_COMMENTS = YES;
				CLANG_WARN_EMPTY_BODY = YES;
				CLANG_WARN_ENUM_CONVERSION = YES;
				CLANG_WARN_INFINITE_RECURSION = YES;
				CLANG_WARN_INT_CONVERSION = YES;
				CLANG_WARN_NON_LITERAL_NULL_CONVERSION = YES;
				CLANG_WARN_OBJC_IMPLICIT_RETAIN_SELF = YES;
				CLANG_WARN_OBJC_LITERAL_CONVERSION = YES;
				CLANG_WARN_OBJC_ROOT_CLASS = YES_ERROR;
				CLANG_WARN_QUOTED_INCLUDE_IN_FRAMEWORK_HEADER = YES;
				CLANG_WARN_RANGE_LOOP_ANALYSIS = YES;
				CLANG_WARN_STRICT_PROTOTYPES = YES;
				CLANG_WARN_SUSPICIOUS_MOVE = YES;
				CLANG_WARN_UNGUARDED_AVAILABILITY = YES_AGGRESSIVE;
				CLANG_WARN_UNREACHABLE_CODE = YES;
				CLANG_WARN__DUPLICATE_METHOD_MATCH = YES;
				COPY_PHASE_STRIP = NO;
				DEBUG_INFORMATION_FORMAT = "dwarf-with-dsym";
				ENABLE_NS_ASSERTIONS = NO;
				ENABLE_STRICT_OBJC_MSGSEND = YES;
				GCC_C_LANGUAGE_STANDARD = gnu11;
				GCC_INSTRUMENT_PROGRAM_FLOW_ARCS = YES;
				GCC_NO_COMMON_BLOCKS = YES;
				GCC_WARN_64_TO_32_BIT_CONVERSION = YES;
				GCC_WARN_ABOUT_RETURN_TYPE = YES_ERROR;
				GCC_WARN_UNDECLARED_SELECTOR = YES;
				GCC_WARN_UNINITIALIZED_AUTOS = YES_AGGRESSIVE;
				GCC_WARN_UNUSED_FUNCTION = YES;
				GCC_WARN_UNUSED_VARIABLE = YES;
				IPHONEOS_DEPLOYMENT_TARGET = 16.1;
				MTL_ENABLE_DEBUG_INFO = NO;
				MTL_FAST_MATH = YES;
				SDKROOT = iphoneos;
				SWIFT_COMPILATION_MODE = wholemodule;
				SWIFT_OPTIMIZATION_LEVEL = "-O";
				VALIDATE_PRODUCT = YES;
			};
			name = Release;
		};
		26B7703C29EC450400CC9FEB /* Debug */ = {
			isa = XCBuildConfiguration;
			buildSettings = {
				ASSETCATALOG_COMPILER_APPICON_NAME = AppIcon;
				ASSETCATALOG_COMPILER_GLOBAL_ACCENT_COLOR_NAME = AccentColor;
				CODE_SIGN_STYLE = Automatic;
				CURRENT_PROJECT_VERSION = 1;
				DEVELOPMENT_TEAM = 3WNZJM4GTR;
				GENERATE_INFOPLIST_FILE = YES;
				INFOPLIST_FILE = CardFortress/Info.plist;
				INFOPLIST_KEY_UIApplicationSupportsIndirectInputEvents = YES;
				INFOPLIST_KEY_UILaunchStoryboardName = LaunchScreen;
				INFOPLIST_KEY_UIMainStoryboardFile = "";
				INFOPLIST_KEY_UISupportedInterfaceOrientations_iPad = "UIInterfaceOrientationPortrait UIInterfaceOrientationPortraitUpsideDown UIInterfaceOrientationLandscapeLeft UIInterfaceOrientationLandscapeRight";
				INFOPLIST_KEY_UISupportedInterfaceOrientations_iPhone = "UIInterfaceOrientationPortrait UIInterfaceOrientationLandscapeLeft UIInterfaceOrientationLandscapeRight";
				IPHONEOS_DEPLOYMENT_TARGET = 15.0;
				LD_RUNPATH_SEARCH_PATHS = (
					"$(inherited)",
					"@executable_path/Frameworks",
				);
				MARKETING_VERSION = 1.0;
				PRODUCT_BUNDLE_IDENTIFIER = com.robertios.CardFortress;
				PRODUCT_NAME = "$(TARGET_NAME)";
				SWIFT_EMIT_LOC_STRINGS = YES;
				SWIFT_VERSION = 5.0;
				TARGETED_DEVICE_FAMILY = "1,2";
			};
			name = Debug;
		};
		26B7703D29EC450400CC9FEB /* Release */ = {
			isa = XCBuildConfiguration;
			buildSettings = {
				ASSETCATALOG_COMPILER_APPICON_NAME = AppIcon;
				ASSETCATALOG_COMPILER_GLOBAL_ACCENT_COLOR_NAME = AccentColor;
				CODE_SIGN_STYLE = Automatic;
				CURRENT_PROJECT_VERSION = 1;
				DEVELOPMENT_TEAM = 3WNZJM4GTR;
				GENERATE_INFOPLIST_FILE = YES;
				INFOPLIST_FILE = CardFortress/Info.plist;
				INFOPLIST_KEY_UIApplicationSupportsIndirectInputEvents = YES;
				INFOPLIST_KEY_UILaunchStoryboardName = LaunchScreen;
				INFOPLIST_KEY_UIMainStoryboardFile = "";
				INFOPLIST_KEY_UISupportedInterfaceOrientations_iPad = "UIInterfaceOrientationPortrait UIInterfaceOrientationPortraitUpsideDown UIInterfaceOrientationLandscapeLeft UIInterfaceOrientationLandscapeRight";
				INFOPLIST_KEY_UISupportedInterfaceOrientations_iPhone = "UIInterfaceOrientationPortrait UIInterfaceOrientationLandscapeLeft UIInterfaceOrientationLandscapeRight";
				IPHONEOS_DEPLOYMENT_TARGET = 15.0;
				LD_RUNPATH_SEARCH_PATHS = (
					"$(inherited)",
					"@executable_path/Frameworks",
				);
				MARKETING_VERSION = 1.0;
				PRODUCT_BUNDLE_IDENTIFIER = com.robertios.CardFortress;
				PRODUCT_NAME = "$(TARGET_NAME)";
				SWIFT_EMIT_LOC_STRINGS = YES;
				SWIFT_VERSION = 5.0;
				TARGETED_DEVICE_FAMILY = "1,2";
			};
			name = Release;
		};
		26B7703F29EC450400CC9FEB /* Debug */ = {
			isa = XCBuildConfiguration;
			buildSettings = {
				ALWAYS_EMBED_SWIFT_STANDARD_LIBRARIES = YES;
				BUNDLE_LOADER = "$(TEST_HOST)";
				CODE_SIGN_STYLE = Automatic;
				CURRENT_PROJECT_VERSION = 1;
				DEVELOPMENT_TEAM = 3WNZJM4GTR;
				GENERATE_INFOPLIST_FILE = YES;
				IPHONEOS_DEPLOYMENT_TARGET = 15.0;
				MARKETING_VERSION = 1.0;
				PRODUCT_BUNDLE_IDENTIFIER = com.robertios.CardFortressTests;
				PRODUCT_NAME = "$(TARGET_NAME)";
				SWIFT_EMIT_LOC_STRINGS = NO;
				SWIFT_VERSION = 5.0;
				TARGETED_DEVICE_FAMILY = "1,2";
				TEST_HOST = "$(BUILT_PRODUCTS_DIR)/CardFortress.app/$(BUNDLE_EXECUTABLE_FOLDER_PATH)/CardFortress";
			};
			name = Debug;
		};
		26B7704029EC450400CC9FEB /* Release */ = {
			isa = XCBuildConfiguration;
			buildSettings = {
				ALWAYS_EMBED_SWIFT_STANDARD_LIBRARIES = YES;
				BUNDLE_LOADER = "$(TEST_HOST)";
				CODE_SIGN_STYLE = Automatic;
				CURRENT_PROJECT_VERSION = 1;
				DEVELOPMENT_TEAM = 3WNZJM4GTR;
				GENERATE_INFOPLIST_FILE = YES;
				IPHONEOS_DEPLOYMENT_TARGET = 15.0;
				MARKETING_VERSION = 1.0;
				PRODUCT_BUNDLE_IDENTIFIER = com.robertios.CardFortressTests;
				PRODUCT_NAME = "$(TARGET_NAME)";
				SWIFT_EMIT_LOC_STRINGS = NO;
				SWIFT_VERSION = 5.0;
				TARGETED_DEVICE_FAMILY = "1,2";
				TEST_HOST = "$(BUILT_PRODUCTS_DIR)/CardFortress.app/$(BUNDLE_EXECUTABLE_FOLDER_PATH)/CardFortress";
			};
			name = Release;
		};
		26B7704229EC450400CC9FEB /* Debug */ = {
			isa = XCBuildConfiguration;
			buildSettings = {
				ALWAYS_EMBED_SWIFT_STANDARD_LIBRARIES = YES;
				CODE_SIGN_STYLE = Automatic;
				CURRENT_PROJECT_VERSION = 1;
				DEVELOPMENT_TEAM = 3WNZJM4GTR;
				GENERATE_INFOPLIST_FILE = YES;
				IPHONEOS_DEPLOYMENT_TARGET = 15.0;
				MARKETING_VERSION = 1.0;
				PRODUCT_BUNDLE_IDENTIFIER = com.robertios.CardFortressUITests;
				PRODUCT_NAME = "$(TARGET_NAME)";
				SWIFT_EMIT_LOC_STRINGS = NO;
				SWIFT_VERSION = 5.0;
				TARGETED_DEVICE_FAMILY = "1,2";
				TEST_TARGET_NAME = CardFortress;
			};
			name = Debug;
		};
		26B7704329EC450400CC9FEB /* Release */ = {
			isa = XCBuildConfiguration;
			buildSettings = {
				ALWAYS_EMBED_SWIFT_STANDARD_LIBRARIES = YES;
				CODE_SIGN_STYLE = Automatic;
				CURRENT_PROJECT_VERSION = 1;
				DEVELOPMENT_TEAM = 3WNZJM4GTR;
				GENERATE_INFOPLIST_FILE = YES;
				IPHONEOS_DEPLOYMENT_TARGET = 15.0;
				MARKETING_VERSION = 1.0;
				PRODUCT_BUNDLE_IDENTIFIER = com.robertios.CardFortressUITests;
				PRODUCT_NAME = "$(TARGET_NAME)";
				SWIFT_EMIT_LOC_STRINGS = NO;
				SWIFT_VERSION = 5.0;
				TARGETED_DEVICE_FAMILY = "1,2";
				TEST_TARGET_NAME = CardFortress;
			};
			name = Release;
		};
/* End XCBuildConfiguration section */

/* Begin XCConfigurationList section */
		26B7700C29EC450200CC9FEB /* Build configuration list for PBXProject "CardFortress" */ = {
			isa = XCConfigurationList;
			buildConfigurations = (
				26B7703929EC450400CC9FEB /* Debug */,
				26B7703A29EC450400CC9FEB /* Release */,
			);
			defaultConfigurationIsVisible = 0;
			defaultConfigurationName = Release;
		};
		26B7703B29EC450400CC9FEB /* Build configuration list for PBXNativeTarget "CardFortress" */ = {
			isa = XCConfigurationList;
			buildConfigurations = (
				26B7703C29EC450400CC9FEB /* Debug */,
				26B7703D29EC450400CC9FEB /* Release */,
			);
			defaultConfigurationIsVisible = 0;
			defaultConfigurationName = Release;
		};
		26B7703E29EC450400CC9FEB /* Build configuration list for PBXNativeTarget "CardFortressTests" */ = {
			isa = XCConfigurationList;
			buildConfigurations = (
				26B7703F29EC450400CC9FEB /* Debug */,
				26B7704029EC450400CC9FEB /* Release */,
			);
			defaultConfigurationIsVisible = 0;
			defaultConfigurationName = Release;
		};
		26B7704129EC450400CC9FEB /* Build configuration list for PBXNativeTarget "CardFortressUITests" */ = {
			isa = XCConfigurationList;
			buildConfigurations = (
				26B7704229EC450400CC9FEB /* Debug */,
				26B7704329EC450400CC9FEB /* Release */,
			);
			defaultConfigurationIsVisible = 0;
			defaultConfigurationName = Release;
		};
/* End XCConfigurationList section */

/* Begin XCRemoteSwiftPackageReference section */
		26DF384429F0CC19007091C3 /* XCRemoteSwiftPackageReference "Swinject" */ = {
			isa = XCRemoteSwiftPackageReference;
			repositoryURL = "https://github.com/Swinject/Swinject.git";
			requirement = {
				kind = exactVersion;
				version = 2.8.3;
			};
		};
/* End XCRemoteSwiftPackageReference section */

/* Begin XCSwiftPackageProductDependency section */
		26DF384529F0CC19007091C3 /* Swinject */ = {
			isa = XCSwiftPackageProductDependency;
			package = 26DF384429F0CC19007091C3 /* XCRemoteSwiftPackageReference "Swinject" */;
			productName = Swinject;
		};
/* End XCSwiftPackageProductDependency section */
	};
	rootObject = 26B7700929EC450200CC9FEB /* Project object */;
}
